// !$*UTF8*$!
{
	archiveVersion = 1;
	classes = {
	};
	objectVersion = 45;
	objects = {

/* Begin PBXBuildFile section */
		32DD6FB4130A15AC194437B0 /* SFML.cpp in Sources */ = {isa = PBXBuildFile; fileRef = 170E48877382420A7EF949CD /* SFML.cpp */; };
/* End PBXBuildFile section */

/* Begin PBXFileReference section */
		170E48877382420A7EF949CD /* SFML.cpp */ = {isa = PBXFileReference; lastKnownFileType = sourcecode.cpp.cpp; name = "SFML.cpp"; path = "SFML.cpp"; sourceTree = "<group>"; };
		030C585749922CBA00266AE8 /* libGWEN-Renderer-SFML.a */ = {isa = PBXFileReference; explicitFileType = archive.ar; includeInIndex = 0; name = "libGWEN-Renderer-SFML.a"; path = "libGWEN-Renderer-SFML.a"; sourceTree = BUILT_PRODUCTS_DIR; };
/* End PBXFileReference section */

/* Begin PBXFrameworksBuildPhase section */
		54075BE90AAF77CC1E1C1466 /* Frameworks */ = {
			isa = PBXFrameworksBuildPhase;
			buildActionMask = 2147483647;
			files = (
			);
			runOnlyForDeploymentPostprocessing = 0;
		};
/* End PBXFrameworksBuildPhase section */

/* Begin PBXGroup section */
		51FC221F76EE790E40775290 /* Renderer-SFML */ = {
			isa = PBXGroup;
			children = (
				2E3444AE277F6500308E5FE0 /* Renderers */,
				3DC330B10CE54C007B742EFC /* Products */,
			);
			name = "Renderer-SFML";
			sourceTree = "<group>";
		};
		2E3444AE277F6500308E5FE0 /* Renderers */ = {
			isa = PBXGroup;
			children = (
				016B1DF955B1139543366F19 /* SFML */,
			);
			name = "Renderers";
			path = ../../Renderers;
			sourceTree = "<group>";
		};
		016B1DF955B1139543366F19 /* SFML */ = {
			isa = PBXGroup;
			children = (
				170E48877382420A7EF949CD /* SFML.cpp */,
			);
			name = "SFML";
			path = SFML;
			sourceTree = "<group>";
		};
		3DC330B10CE54C007B742EFC /* Products */ = {
			isa = PBXGroup;
			children = (
				030C585749922CBA00266AE8 /* libGWEN-Renderer-SFML.a */,
			);
			name = "Products";
			sourceTree = "<group>";
		};
/* End PBXGroup section */

/* Begin PBXNativeTarget section */
		287F2F5470762EDF262B40DF /* Renderer-SFML */ = {
			isa = PBXNativeTarget;
			buildConfigurationList = 762944FE4E5C67DF74F21193 /* Build configuration list for PBXNativeTarget "Renderer-SFML" */;
			buildPhases = (
				3E1107A87B2237A9662273BA /* Resources */,
				705C78E357FA34E3430E2F8B /* Sources */,
				54075BE90AAF77CC1E1C1466 /* Frameworks */,
			);
			buildRules = (
			);
			dependencies = (
			);
			name = "Renderer-SFML";
			productName = "Renderer-SFML";
			productReference = 030C585749922CBA00266AE8 /* libGWEN-Renderer-SFML.a */;
			productType = "com.apple.product-type.library.static";
		};
/* End PBXNativeTarget section */

/* Begin PBXProject section */
		08FB7793FE84155DC02AAC07 /* Project object */ = {
			isa = PBXProject;
			buildConfigurationList = 1DEB928908733DD80010E9CD /* Build configuration list for PBXProject "Renderer-SFML" */;
			compatibilityVersion = "Xcode 3.1";
			hasScannedForEncodings = 1;
			mainGroup = 51FC221F76EE790E40775290 /* Renderer-SFML */;
			projectDirPath = "";
			projectRoot = "";
			targets = (
				287F2F5470762EDF262B40DF /* libGWEN-Renderer-SFML.a */,
			);
		};
/* End PBXProject section */

/* Begin PBXResourcesBuildPhase section */
		3E1107A87B2237A9662273BA /* Resources */ = {
			isa = PBXResourcesBuildPhase;
			buildActionMask = 2147483647;
			files = (
			);
			runOnlyForDeploymentPostprocessing = 0;
		};
/* End PBXResourcesBuildPhase section */

/* Begin PBXSourcesBuildPhase section */
		705C78E357FA34E3430E2F8B /* Sources */ = {
			isa = PBXSourcesBuildPhase;
			buildActionMask = 2147483647;
			files = (
				32DD6FB4130A15AC194437B0 /* SFML.cpp in Sources */,
			);
			runOnlyForDeploymentPostprocessing = 0;
		};
/* End PBXSourcesBuildPhase section */

/* Begin PBXVariantGroup section */
/* End PBXVariantGroup section */

/* Begin XCBuildConfiguration section */
		51622FAB259477BD7304439A /* Release */ = {
			isa = XCBuildConfiguration;
			buildSettings = {
				ALWAYS_SEARCH_USER_PATHS = NO;
				CONFIGURATION_BUILD_DIR = ../../lib/xcode3;
				GCC_DYNAMIC_NO_PIC = NO;
				GCC_MODEL_TUNING = G5;
				INSTALL_PATH = /usr/local/lib;
				PRODUCT_NAME = "GWEN-Renderer-SFML";
			};
			name = "Release";
		};
		71A874B42DA67FBD09264A8D /* Debug */ = {
			isa = XCBuildConfiguration;
			buildSettings = {
				ALWAYS_SEARCH_USER_PATHS = NO;
				CONFIGURATION_BUILD_DIR = ../../lib/xcode3;
				GCC_DYNAMIC_NO_PIC = NO;
				GCC_MODEL_TUNING = G5;
				INSTALL_PATH = /usr/local/lib;
				PRODUCT_NAME = "GWEN-Renderer-SFML";
			};
			name = "Debug";
		};
		038903D2032803464C7C085B /* Release */ = {
			isa = XCBuildConfiguration;
			buildSettings = {
				ARCHS = "$(NATIVE_ARCH_ACTUAL)";
				CONFIGURATION_BUILD_DIR = "$(SYMROOT)";
				CONFIGURATION_TEMP_DIR = "$(OBJROOT)";
				COPY_PHASE_STRIP = NO;
				GCC_C_LANGUAGE_STANDARD = gnu99;
				GCC_OPTIMIZATION_LEVEL = s;
				GCC_PREPROCESSOR_DEFINITIONS = (
					"NDEBUG",
				);
				GCC_SYMBOLS_PRIVATE_EXTERN = NO;
				GCC_WARN_ABOUT_RETURN_TYPE = YES;
				GCC_WARN_UNUSED_VARIABLE = YES;
				HEADER_SEARCH_PATHS = (
					"../../include",
				);
				LIBRARY_SEARCH_PATHS = (
					"../../lib",
					"../../lib/xcode3",
				);
				OBJROOT = "obj/Release/Renderer-SFML";
				ONLY_ACTIVE_ARCH = NO;
				OTHER_CFLAGS = (
					"-ffast-math",
				);
				PREBINDING = NO;
				SYMROOT = "../../lib/xcode3";
			};
			name = "Release";
		};
		17643FEC129609861CE06B82 /* Debug */ = {
			isa = XCBuildConfiguration;
			buildSettings = {
				ARCHS = "$(NATIVE_ARCH_ACTUAL)";
				CONFIGURATION_BUILD_DIR = "$(SYMROOT)";
				CONFIGURATION_TEMP_DIR = "$(OBJROOT)";
				COPY_PHASE_STRIP = NO;
				GCC_C_LANGUAGE_STANDARD = gnu99;
				GCC_OPTIMIZATION_LEVEL = 0;
				GCC_PREPROCESSOR_DEFINITIONS = (
					"_DEBUG",
				);
				GCC_SYMBOLS_PRIVATE_EXTERN = NO;
				GCC_WARN_ABOUT_RETURN_TYPE = YES;
				GCC_WARN_UNUSED_VARIABLE = YES;
				HEADER_SEARCH_PATHS = (
					"../../include",
				);
				LIBRARY_SEARCH_PATHS = (
					"../../lib",
					"../../lib/xcode3",
				);
				OBJROOT = "obj/Debug/Renderer-SFML";
				ONLY_ACTIVE_ARCH = YES;
				PREBINDING = NO;
				SYMROOT = "../../lib/xcode3";
			};
			name = "Debug";
		};
/* End XCBuildConfiguration section */

/* Begin XCConfigurationList section */
		762944FE4E5C67DF74F21193 /* Build configuration list for PBXNativeTarget "libGWEN-Renderer-SFML.a" */ = {
			isa = XCConfigurationList;
			buildConfigurations = (
				51622FAB259477BD7304439A /* Release */,
				71A874B42DA67FBD09264A8D /* Debug */,
			);
			defaultConfigurationIsVisible = 0;
			defaultConfigurationName = "Release";
		};
		1DEB928908733DD80010E9CD /* Build configuration list for PBXProject "Renderer-SFML" */ = {
			isa = XCConfigurationList;
			buildConfigurations = (
				038903D2032803464C7C085B /* Release */,
				17643FEC129609861CE06B82 /* Debug */,
			);
			defaultConfigurationIsVisible = 0;
			defaultConfigurationName = "Release";
		};
/* End XCConfigurationList section */

	};
	rootObject = 08FB7793FE84155DC02AAC07 /* Project object */;
}
