
Microsoft Visual Studio Solution File, Format Version 12.00
# Visual Studio 2012
Project("{2150E333-8FDC-42A3-9474-1A3956D46DE8}") = "Client", "Client", "{B595E6DA-BAB2-43D5-B5FB-23D511693726}"
EndProject
Project("{8BC9CEB8-8B4A-11D0-8D11-00A0C91BC942}") = "Client.Core", "Client\Core\Client.Core.vcxproj", "{56387735-7D4A-47AA-A885-09CCC5D5AA67}"
	ProjectSection(ProjectDependencies) = postProject
		{766B64D1-3EE0-42C3-A69A-D1293FE90524} = {766B64D1-3EE0-42C3-A69A-D1293FE90524}
	EndProjectSection
EndProject
Project("{8BC9CEB8-8B4A-11D0-8D11-00A0C91BC942}") = "Client.Launcher", "Client\Launcher\Client.Launcher.vcxproj", "{F96CE161-F2AD-4743-B67B-A27CDD9B1F91}"
	ProjectSection(ProjectDependencies) = postProject
		{56387735-7D4A-47AA-A885-09CCC5D5AA67} = {56387735-7D4A-47AA-A885-09CCC5D5AA67}
	EndProjectSection
EndProject
Project("{2150E333-8FDC-42A3-9474-1A3956D46DE8}") = "Network", "Network", "{FF6C4EC1-6142-4E00-BCB6-28EAAF9A1DE8}"
EndProject
Project("{2150E333-8FDC-42A3-9474-1A3956D46DE8}") = "Server", "Server", "{88789B31-3AF1-49EC-8DA3-44DF7AA1F5B1}"
EndProject
Project("{2150E333-8FDC-42A3-9474-1A3956D46DE8}") = "Shared", "Shared", "{85B22AE1-C342-472E-AD5A-51388EC1DD0D}"
	ProjectSection(SolutionItems) = preProject
		Shared\CColor.h = Shared\CColor.h
		Shared\CLogFile.cpp = Shared\CLogFile.cpp
		Shared\CLogFile.h = Shared\CLogFile.h
		Shared\CNetSync.h = Shared\CNetSync.h
		Shared\Common.h = Shared\Common.h
		Shared\CRC.h = Shared\CRC.h
		Shared\CSettings.cpp = Shared\CSettings.cpp
		Shared\CSettings.h = Shared\CSettings.h
		Shared\CString.cpp = Shared\CString.cpp
		Shared\CString.h = Shared\CString.h
		Shared\CZlib.cpp = Shared\CZlib.cpp
		Shared\CZlib.h = Shared\CZlib.h
		Shared\SharedUtility.cpp = Shared\SharedUtility.cpp
		Shared\SharedUtility.h = Shared\SharedUtility.h
	EndProjectSection
EndProject
Project("{8BC9CEB8-8B4A-11D0-8D11-00A0C91BC942}") = "Network.Core", "Network\Core\Network.Core.vcxproj", "{766B64D1-3EE0-42C3-A69A-D1293FE90524}"
EndProject
Project("{8BC9CEB8-8B4A-11D0-8D11-00A0C91BC942}") = "Client.LaunchHelper", "Client\LaunchHelper\Client.LaunchHelper.vcxproj", "{4257EAF3-7A0B-4E2D-A45D-78E4FBCF67F2}"
	ProjectSection(ProjectDependencies) = postProject
		{F96CE161-F2AD-4743-B67B-A27CDD9B1F91} = {F96CE161-F2AD-4743-B67B-A27CDD9B1F91}
	EndProjectSection
EndProject
Project("{8BC9CEB8-8B4A-11D0-8D11-00A0C91BC942}") = "Server.Core", "Server\Server.Core.vcxproj", "{5AD2BD08-FCBD-474F-AECD-F9ACDA0A2031}"
	ProjectSection(ProjectDependencies) = postProject
		{766B64D1-3EE0-42C3-A69A-D1293FE90524} = {766B64D1-3EE0-42C3-A69A-D1293FE90524}
	EndProjectSection
EndProject
Project("{2150E333-8FDC-42A3-9474-1A3956D46DE8}") = "Math", "Math", "{B416D3CF-6183-425A-8F23-4C3079B243EF}"
	ProjectSection(SolutionItems) = preProject
		Shared\Math\CIVVector.h = Shared\Math\CIVVector.h
		Shared\Math\CMaths.h = Shared\Math\CMaths.h
		Shared\Math\CVector3.h = Shared\Math\CVector3.h
	EndProjectSection
EndProject
Project("{2150E333-8FDC-42A3-9474-1A3956D46DE8}") = "Threading", "Threading", "{58C4FE7A-B82C-4A71-83A2-0C5D6F04B1FE}"
	ProjectSection(SolutionItems) = preProject
		Shared\Threading\CMutex.cpp = Shared\Threading\CMutex.cpp
		Shared\Threading\CMutex.h = Shared\Threading\CMutex.h
		Shared\Threading\CThread.cpp = Shared\Threading\CThread.cpp
		Shared\Threading\CThread.h = Shared\Threading\CThread.h
	EndProjectSection
EndProject
Project("{2150E333-8FDC-42A3-9474-1A3956D46DE8}") = "Patcher", "Patcher", "{564791E2-70BB-4F49-8C54-135ED7E3025D}"
	ProjectSection(SolutionItems) = preProject
		Shared\Patcher\CPatcher.cpp = Shared\Patcher\CPatcher.cpp
		Shared\Patcher\CPatcher.h = Shared\Patcher\CPatcher.h
	EndProjectSection
EndProject
Project("{2150E333-8FDC-42A3-9474-1A3956D46DE8}") = "Libraries", "Libraries", "{D7EBB58A-E021-4EAE-9F03-A58440D8282C}"
EndProject
Project("{2150E333-8FDC-42A3-9474-1A3956D46DE8}") = "TinyXML", "TinyXML", "{45278608-79FF-45D7-A03E-140152BF726B}"
	ProjectSection(SolutionItems) = preProject
		Libraries\tinyxml\ticpp.cpp = Libraries\tinyxml\ticpp.cpp
		Libraries\tinyxml\ticpp.h = Libraries\tinyxml\ticpp.h
		Libraries\tinyxml\ticpprc.h = Libraries\tinyxml\ticpprc.h
		Libraries\tinyxml\tinystr.cpp = Libraries\tinyxml\tinystr.cpp
		Libraries\tinyxml\tinystr.h = Libraries\tinyxml\tinystr.h
		Libraries\tinyxml\tinyxml.cpp = Libraries\tinyxml\tinyxml.cpp
		Libraries\tinyxml\tinyxml.h = Libraries\tinyxml\tinyxml.h
		Libraries\tinyxml\tinyxmlerror.cpp = Libraries\tinyxml\tinyxmlerror.cpp
		Libraries\tinyxml\tinyxmlparser.cpp = Libraries\tinyxml\tinyxmlparser.cpp
	EndProjectSection
EndProject
Project("{2150E333-8FDC-42A3-9474-1A3956D46DE8}") = "Game", "Game", "{DCE885CE-3722-45BA-8426-EED2400A9ED6}"
	ProjectSection(SolutionItems) = preProject
		Shared\Game\eGame.h = Shared\Game\eGame.h
	EndProjectSection
EndProject
Project("{2150E333-8FDC-42A3-9474-1A3956D46DE8}") = "DirectXSDK", "DirectXSDK", "{35F133D7-2A89-4DF6-83CD-1D2DFB2260F4}"
EndProject
Project("{2150E333-8FDC-42A3-9474-1A3956D46DE8}") = "Include", "Include", "{79B1B456-98FB-4948-95CB-0A9B4912EC0B}"
	ProjectSection(SolutionItems) = preProject
		Libraries\DXSDK\Include\audiodefs.h = Libraries\DXSDK\Include\audiodefs.h
		Libraries\DXSDK\Include\comdecl.h = Libraries\DXSDK\Include\comdecl.h
		Libraries\DXSDK\Include\D3D10.h = Libraries\DXSDK\Include\D3D10.h
		Libraries\DXSDK\Include\D3D10_1.h = Libraries\DXSDK\Include\D3D10_1.h
		Libraries\DXSDK\Include\D3D10_1shader.h = Libraries\DXSDK\Include\D3D10_1shader.h
		Libraries\DXSDK\Include\D3D10effect.h = Libraries\DXSDK\Include\D3D10effect.h
		Libraries\DXSDK\Include\d3d10misc.h = Libraries\DXSDK\Include\d3d10misc.h
		Libraries\DXSDK\Include\d3d10sdklayers.h = Libraries\DXSDK\Include\d3d10sdklayers.h
		Libraries\DXSDK\Include\D3D10shader.h = Libraries\DXSDK\Include\D3D10shader.h
		Libraries\DXSDK\Include\d3d9.h = Libraries\DXSDK\Include\d3d9.h
		Libraries\DXSDK\Include\d3d9caps.h = Libraries\DXSDK\Include\d3d9caps.h
		Libraries\DXSDK\Include\d3d9types.h = Libraries\DXSDK\Include\d3d9types.h
		Libraries\DXSDK\Include\D3DX10.h = Libraries\DXSDK\Include\D3DX10.h
		Libraries\DXSDK\Include\d3dx10async.h = Libraries\DXSDK\Include\d3dx10async.h
		Libraries\DXSDK\Include\D3DX10core.h = Libraries\DXSDK\Include\D3DX10core.h
		Libraries\DXSDK\Include\D3DX10math.h = Libraries\DXSDK\Include\D3DX10math.h
		Libraries\DXSDK\Include\D3DX10math.inl = Libraries\DXSDK\Include\D3DX10math.inl
		Libraries\DXSDK\Include\D3DX10mesh.h = Libraries\DXSDK\Include\D3DX10mesh.h
		Libraries\DXSDK\Include\D3DX10tex.h = Libraries\DXSDK\Include\D3DX10tex.h
		Libraries\DXSDK\Include\d3dx9.h = Libraries\DXSDK\Include\d3dx9.h
		Libraries\DXSDK\Include\d3dx9anim.h = Libraries\DXSDK\Include\d3dx9anim.h
		Libraries\DXSDK\Include\d3dx9core.h = Libraries\DXSDK\Include\d3dx9core.h
		Libraries\DXSDK\Include\d3dx9effect.h = Libraries\DXSDK\Include\d3dx9effect.h
		Libraries\DXSDK\Include\d3dx9math.h = Libraries\DXSDK\Include\d3dx9math.h
		Libraries\DXSDK\Include\d3dx9math.inl = Libraries\DXSDK\Include\d3dx9math.inl
		Libraries\DXSDK\Include\d3dx9mesh.h = Libraries\DXSDK\Include\d3dx9mesh.h
		Libraries\DXSDK\Include\d3dx9shader.h = Libraries\DXSDK\Include\d3dx9shader.h
		Libraries\DXSDK\Include\d3dx9shape.h = Libraries\DXSDK\Include\d3dx9shape.h
		Libraries\DXSDK\Include\d3dx9tex.h = Libraries\DXSDK\Include\d3dx9tex.h
		Libraries\DXSDK\Include\d3dx9xof.h = Libraries\DXSDK\Include\d3dx9xof.h
		Libraries\DXSDK\Include\ddraw.h = Libraries\DXSDK\Include\ddraw.h
		Libraries\DXSDK\Include\dinput.h = Libraries\DXSDK\Include\dinput.h
		Libraries\DXSDK\Include\dinputd.h = Libraries\DXSDK\Include\dinputd.h
		Libraries\DXSDK\Include\dsconf.h = Libraries\DXSDK\Include\dsconf.h
		Libraries\DXSDK\Include\dsetup.h = Libraries\DXSDK\Include\dsetup.h
		Libraries\DXSDK\Include\dsound.h = Libraries\DXSDK\Include\dsound.h
		Libraries\DXSDK\Include\dvp.h = Libraries\DXSDK\Include\dvp.h
		Libraries\DXSDK\Include\dxdiag.h = Libraries\DXSDK\Include\dxdiag.h
		Libraries\DXSDK\Include\DxErr.h = Libraries\DXSDK\Include\DxErr.h
		Libraries\DXSDK\Include\dxerr9.h = Libraries\DXSDK\Include\dxerr9.h
		Libraries\DXSDK\Include\dxfile.h = Libraries\DXSDK\Include\dxfile.h
		Libraries\DXSDK\Include\DXGI.h = Libraries\DXSDK\Include\DXGI.h
		Libraries\DXSDK\Include\DXGIType.h = Libraries\DXSDK\Include\DXGIType.h
		Libraries\DXSDK\Include\dxsdkver.h = Libraries\DXSDK\Include\dxsdkver.h
		Libraries\DXSDK\Include\gameux.h = Libraries\DXSDK\Include\gameux.h
		Libraries\DXSDK\Include\multimon.h = Libraries\DXSDK\Include\multimon.h
		Libraries\DXSDK\Include\PIXPlugin.h = Libraries\DXSDK\Include\PIXPlugin.h
		Libraries\DXSDK\Include\rmxfguid.h = Libraries\DXSDK\Include\rmxfguid.h
		Libraries\DXSDK\Include\rmxftmpl.h = Libraries\DXSDK\Include\rmxftmpl.h
		Libraries\DXSDK\Include\rpcsal_old.h = Libraries\DXSDK\Include\rpcsal_old.h
		Libraries\DXSDK\Include\X3DAudio.h = Libraries\DXSDK\Include\X3DAudio.h
		Libraries\DXSDK\Include\xact3.h = Libraries\DXSDK\Include\xact3.h
		Libraries\DXSDK\Include\xact3d3.h = Libraries\DXSDK\Include\xact3d3.h
		Libraries\DXSDK\Include\xact3wb.h = Libraries\DXSDK\Include\xact3wb.h
		Libraries\DXSDK\Include\XAPO.h = Libraries\DXSDK\Include\XAPO.h
		Libraries\DXSDK\Include\XAPOBase.h = Libraries\DXSDK\Include\XAPOBase.h
		Libraries\DXSDK\Include\XAPOFX.h = Libraries\DXSDK\Include\XAPOFX.h
		Libraries\DXSDK\Include\xaudio2.h = Libraries\DXSDK\Include\xaudio2.h
		Libraries\DXSDK\Include\xaudio2fx.h = Libraries\DXSDK\Include\xaudio2fx.h
		Libraries\DXSDK\Include\XInput.h = Libraries\DXSDK\Include\XInput.h
		Libraries\DXSDK\Include\xma2defs.h = Libraries\DXSDK\Include\xma2defs.h
	EndProjectSection
EndProject
Project("{2150E333-8FDC-42A3-9474-1A3956D46DE8}") = "Lib", "Lib", "{8AFF9BDE-5D96-423F-9236-52FBF1F96CBD}"
	ProjectSection(SolutionItems) = preProject
		Libraries\DXSDK\Lib\d3d10.lib = Libraries\DXSDK\Lib\d3d10.lib
		Libraries\DXSDK\Lib\d3d10_1.lib = Libraries\DXSDK\Lib\d3d10_1.lib
		Libraries\DXSDK\Lib\d3d10_1d.lib = Libraries\DXSDK\Lib\d3d10_1d.lib
		Libraries\DXSDK\Lib\d3d9.lib = Libraries\DXSDK\Lib\d3d9.lib
		Libraries\DXSDK\Lib\d3dx10.lib = Libraries\DXSDK\Lib\d3dx10.lib
		Libraries\DXSDK\Lib\d3dx10d.lib = Libraries\DXSDK\Lib\d3dx10d.lib
		Libraries\DXSDK\Lib\d3dx9.lib = Libraries\DXSDK\Lib\d3dx9.lib
		Libraries\DXSDK\Lib\d3dx9d.lib = Libraries\DXSDK\Lib\d3dx9d.lib
		Libraries\DXSDK\Lib\d3dxof.lib = Libraries\DXSDK\Lib\d3dxof.lib
		Libraries\DXSDK\Lib\ddraw.lib = Libraries\DXSDK\Lib\ddraw.lib
		Libraries\DXSDK\Lib\dinput8.lib = Libraries\DXSDK\Lib\dinput8.lib
		Libraries\DXSDK\Lib\dsetup.lib = Libraries\DXSDK\Lib\dsetup.lib
		Libraries\DXSDK\Lib\dsound.lib = Libraries\DXSDK\Lib\dsound.lib
		Libraries\DXSDK\Lib\DxErr.lib = Libraries\DXSDK\Lib\DxErr.lib
		Libraries\DXSDK\Lib\DxErr9.lib = Libraries\DXSDK\Lib\DxErr9.lib
		Libraries\DXSDK\Lib\dxgi.lib = Libraries\DXSDK\Lib\dxgi.lib
		Libraries\DXSDK\Lib\dxguid.lib = Libraries\DXSDK\Lib\dxguid.lib
		Libraries\DXSDK\Lib\X3DAudio.lib = Libraries\DXSDK\Lib\X3DAudio.lib
		Libraries\DXSDK\Lib\xapobase.lib = Libraries\DXSDK\Lib\xapobase.lib
		Libraries\DXSDK\Lib\xapobased.lib = Libraries\DXSDK\Lib\xapobased.lib
		Libraries\DXSDK\Lib\XAPOFX.lib = Libraries\DXSDK\Lib\XAPOFX.lib
		Libraries\DXSDK\Lib\XInput.lib = Libraries\DXSDK\Lib\XInput.lib
	EndProjectSection
EndProject
Project("{2150E333-8FDC-42A3-9474-1A3956D46DE8}") = "Detours", "Detours", "{C9077BDC-4FD0-4B9C-B3BA-13CF641F6F9F}"
	ProjectSection(SolutionItems) = preProject
		Libraries\Detours\detours.h = Libraries\Detours\detours.h
		Libraries\Detours\detours.lib = Libraries\Detours\detours.lib
	EndProjectSection
EndProject
Project("{2150E333-8FDC-42A3-9474-1A3956D46DE8}") = "Network", "Network", "{56F19A74-F14D-4E8C-90BF-F47CC6A004C5}"
	ProjectSection(SolutionItems) = preProject
		Shared\Network\CBitStream.cpp = Shared\Network\CBitStream.cpp
		Shared\Network\CBitStream.h = Shared\Network\CBitStream.h
		Shared\Network\PacketIdentifiers.h = Shared\Network\PacketIdentifiers.h
		Shared\Network\RPCIdentifiers.h = Shared\Network\RPCIdentifiers.h
	EndProjectSection
EndProject
Global
	GlobalSection(SolutionConfigurationPlatforms) = preSolution
		Debug|Win32 = Debug|Win32
		Release|Win32 = Release|Win32
	EndGlobalSection
	GlobalSection(ProjectConfigurationPlatforms) = postSolution
		{56387735-7D4A-47AA-A885-09CCC5D5AA67}.Debug|Win32.ActiveCfg = Debug|Win32
		{56387735-7D4A-47AA-A885-09CCC5D5AA67}.Debug|Win32.Build.0 = Debug|Win32
		{56387735-7D4A-47AA-A885-09CCC5D5AA67}.Release|Win32.ActiveCfg = Release|Win32
		{56387735-7D4A-47AA-A885-09CCC5D5AA67}.Release|Win32.Build.0 = Release|Win32
		{F96CE161-F2AD-4743-B67B-A27CDD9B1F91}.Debug|Win32.ActiveCfg = Debug|Win32
		{F96CE161-F2AD-4743-B67B-A27CDD9B1F91}.Debug|Win32.Build.0 = Debug|Win32
		{F96CE161-F2AD-4743-B67B-A27CDD9B1F91}.Release|Win32.ActiveCfg = Release|Win32
		{F96CE161-F2AD-4743-B67B-A27CDD9B1F91}.Release|Win32.Build.0 = Release|Win32
		{766B64D1-3EE0-42C3-A69A-D1293FE90524}.Debug|Win32.ActiveCfg = Debug|Win32
		{766B64D1-3EE0-42C3-A69A-D1293FE90524}.Debug|Win32.Build.0 = Debug|Win32
		{766B64D1-3EE0-42C3-A69A-D1293FE90524}.Release|Win32.ActiveCfg = Release|Win32
		{766B64D1-3EE0-42C3-A69A-D1293FE90524}.Release|Win32.Build.0 = Release|Win32
		{4257EAF3-7A0B-4E2D-A45D-78E4FBCF67F2}.Debug|Win32.ActiveCfg = Debug|Win32
		{4257EAF3-7A0B-4E2D-A45D-78E4FBCF67F2}.Debug|Win32.Build.0 = Debug|Win32
		{4257EAF3-7A0B-4E2D-A45D-78E4FBCF67F2}.Release|Win32.ActiveCfg = Release|Win32
		{4257EAF3-7A0B-4E2D-A45D-78E4FBCF67F2}.Release|Win32.Build.0 = Release|Win32
		{5AD2BD08-FCBD-474F-AECD-F9ACDA0A2031}.Debug|Win32.ActiveCfg = Debug|Win32
		{5AD2BD08-FCBD-474F-AECD-F9ACDA0A2031}.Debug|Win32.Build.0 = Debug|Win32
		{5AD2BD08-FCBD-474F-AECD-F9ACDA0A2031}.Release|Win32.ActiveCfg = Release|Win32
		{5AD2BD08-FCBD-474F-AECD-F9ACDA0A2031}.Release|Win32.Build.0 = Release|Win32
	EndGlobalSection
	GlobalSection(SolutionProperties) = preSolution
		HideSolutionNode = FALSE
	EndGlobalSection
	GlobalSection(NestedProjects) = preSolution
		{56387735-7D4A-47AA-A885-09CCC5D5AA67} = {B595E6DA-BAB2-43D5-B5FB-23D511693726}
		{F96CE161-F2AD-4743-B67B-A27CDD9B1F91} = {B595E6DA-BAB2-43D5-B5FB-23D511693726}
		{4257EAF3-7A0B-4E2D-A45D-78E4FBCF67F2} = {B595E6DA-BAB2-43D5-B5FB-23D511693726}
		{766B64D1-3EE0-42C3-A69A-D1293FE90524} = {FF6C4EC1-6142-4E00-BCB6-28EAAF9A1DE8}
		{5AD2BD08-FCBD-474F-AECD-F9ACDA0A2031} = {88789B31-3AF1-49EC-8DA3-44DF7AA1F5B1}
		{B416D3CF-6183-425A-8F23-4C3079B243EF} = {85B22AE1-C342-472E-AD5A-51388EC1DD0D}
		{58C4FE7A-B82C-4A71-83A2-0C5D6F04B1FE} = {85B22AE1-C342-472E-AD5A-51388EC1DD0D}
		{564791E2-70BB-4F49-8C54-135ED7E3025D} = {85B22AE1-C342-472E-AD5A-51388EC1DD0D}
		{DCE885CE-3722-45BA-8426-EED2400A9ED6} = {85B22AE1-C342-472E-AD5A-51388EC1DD0D}
		{56F19A74-F14D-4E8C-90BF-F47CC6A004C5} = {85B22AE1-C342-472E-AD5A-51388EC1DD0D}
		{45278608-79FF-45D7-A03E-140152BF726B} = {D7EBB58A-E021-4EAE-9F03-A58440D8282C}
		{35F133D7-2A89-4DF6-83CD-1D2DFB2260F4} = {D7EBB58A-E021-4EAE-9F03-A58440D8282C}
		{C9077BDC-4FD0-4B9C-B3BA-13CF641F6F9F} = {D7EBB58A-E021-4EAE-9F03-A58440D8282C}
		{79B1B456-98FB-4948-95CB-0A9B4912EC0B} = {35F133D7-2A89-4DF6-83CD-1D2DFB2260F4}
		{8AFF9BDE-5D96-423F-9236-52FBF1F96CBD} = {35F133D7-2A89-4DF6-83CD-1D2DFB2260F4}
	EndGlobalSection
EndGlobal
