<?xml version="1.0" encoding="utf-8"?>
<Project ToolsVersion="4.0" xmlns="http://schemas.microsoft.com/developer/msbuild/2003">
  <ItemGroup>
    <Filter Include="cegui">
      <UniqueIdentifier>{a4cb8e7b-2389-4877-8cec-b8ffc5a8dc75}</UniqueIdentifier>
    </Filter>
    <Filter Include="cegui\src">
      <UniqueIdentifier>{6fdf9436-f14f-4655-9b35-bb1b967c9689}</UniqueIdentifier>
    </Filter>
    <Filter Include="cegui\src\ImageCodecModules">
      <UniqueIdentifier>{41674458-63d6-4c53-8b4f-c9ad2d7aa343}</UniqueIdentifier>
    </Filter>
    <Filter Include="cegui\src\ImageCodecModules\SILLYImageCodec">
      <UniqueIdentifier>{cdd3c051-97db-4501-b808-b2fbc4abd193}</UniqueIdentifier>
    </Filter>
    <Filter Include="cegui\include">
      <UniqueIdentifier>{1a24408f-4719-4188-adc0-f5d41c25e3ae}</UniqueIdentifier>
    </Filter>
    <Filter Include="cegui\include\ImageCodecModules">
      <UniqueIdentifier>{227eebba-8540-48e9-a31f-d8bdf7ac1d73}</UniqueIdentifier>
    </Filter>
    <Filter Include="cegui\include\ImageCodecModules\SILLYImageCodec">
      <UniqueIdentifier>{b9320a58-ba70-40a3-b237-e12308120e8a}</UniqueIdentifier>
    </Filter>
  </ItemGroup>
  <ItemGroup>
    <ClCompile Include="..\..\..\cegui\src\ImageCodecModules\SILLYImageCodec\CEGUISILLYImageCodec.cpp" />
    <ClCompile Include="..\..\..\cegui\src\ImageCodecModules\SILLYImageCodec\CEGUISILLYImageCodecModule.cpp" />
  </ItemGroup>
  <ItemGroup>
    <ClInclude Include="..\..\..\cegui\include\ImageCodecModules\SILLYImageCodec\CEGUISILLYImageCodec.h" />
    <ClInclude Include="..\..\..\cegui\include\ImageCodecModules\SILLYImageCodec\CEGUISILLYImageCodecModule.h" />
  </ItemGroup>
</Project>