<?xml version="1.0" encoding="utf-8"?>
<Project ToolsVersion="4.0" xmlns="http://schemas.microsoft.com/developer/msbuild/2003">
  <ItemGroup>
    <Filter Include="Source Files">
      <UniqueIdentifier>{4FC737F1-C7A5-4376-A066-2A32D752A2FF}</UniqueIdentifier>
      <Extensions>cpp;c;cc;cxx;def;odl;idl;hpj;bat;asm;asmx</Extensions>
    </Filter>
    <Filter Include="Header Files">
      <UniqueIdentifier>{93995380-89BD-4b04-88EB-625FBE52EBFB}</UniqueIdentifier>
      <Extensions>h;hpp;hxx;hm;inl;inc;xsd</Extensions>
    </Filter>
    <Filter Include="Header Files\Game">
      <UniqueIdentifier>{a4705d44-df6b-4acd-9207-43f0d4517d99}</UniqueIdentifier>
    </Filter>
    <Filter Include="Header Files\GUI">
      <UniqueIdentifier>{90062677-a4f2-438a-b32d-6e697e4e075f}</UniqueIdentifier>
    </Filter>
    <Filter Include="Header Files\Libraries">
      <UniqueIdentifier>{763b6670-438e-4778-ba58-67c43b3adbef}</UniqueIdentifier>
    </Filter>
    <Filter Include="Header Files\Network">
      <UniqueIdentifier>{d9a747e8-4d2f-4044-82fc-4a965c4f2283}</UniqueIdentifier>
    </Filter>
    <Filter Include="Header Files\Scripting">
      <UniqueIdentifier>{4db410f7-270c-4898-833c-ac6bf5658f9c}</UniqueIdentifier>
    </Filter>
    <Filter Include="Header Files\Shared">
      <UniqueIdentifier>{c73892d9-87a8-49a5-94db-8ca3ce6c5ccf}</UniqueIdentifier>
    </Filter>
    <Filter Include="Source Files\Game">
      <UniqueIdentifier>{47449958-38e9-42ca-ae9a-77e45453ee95}</UniqueIdentifier>
    </Filter>
    <Filter Include="Source Files\GUI">
      <UniqueIdentifier>{86c7be21-5648-45ca-b9fc-61ec8c27dc41}</UniqueIdentifier>
    </Filter>
    <Filter Include="Source Files\Scripting">
      <UniqueIdentifier>{1c62bcc5-c913-424e-a85f-1cd83ce237ad}</UniqueIdentifier>
    </Filter>
    <Filter Include="Source Files\Shared">
      <UniqueIdentifier>{29601084-a050-43f5-ba36-13c00a1d89e8}</UniqueIdentifier>
    </Filter>
    <Filter Include="Header Files\Libraries\TinyXML">
      <UniqueIdentifier>{7cdf702d-b1e9-4083-bf5d-d1c7b66e1d53}</UniqueIdentifier>
    </Filter>
    <Filter Include="Header Files\Hooks">
      <UniqueIdentifier>{02408d36-7c79-41de-99ef-1ffc5dac31db}</UniqueIdentifier>
    </Filter>
    <Filter Include="Source Files\Hooks">
      <UniqueIdentifier>{4d98599e-a030-4714-9650-a026b6476c88}</UniqueIdentifier>
    </Filter>
    <Filter Include="Header Files\Game\IV">
      <UniqueIdentifier>{0cff53a5-1477-412c-933c-d3eff5bd0a24}</UniqueIdentifier>
    </Filter>
    <Filter Include="Header Files\Game\IV\Script">
      <UniqueIdentifier>{be55135c-f35c-4165-8dc3-ec5697b99acb}</UniqueIdentifier>
    </Filter>
    <Filter Include="Header Files\Shared\Game">
      <UniqueIdentifier>{56ae8c03-3b4a-4dde-bb18-7bebf63e0244}</UniqueIdentifier>
    </Filter>
    <Filter Include="Header Files\Graphics">
      <UniqueIdentifier>{e15b936d-5364-4773-9966-5cb9063fd8f4}</UniqueIdentifier>
    </Filter>
    <Filter Include="Source Files\Graphics">
      <UniqueIdentifier>{e6d5b920-f117-4d62-b642-ef52bc948db0}</UniqueIdentifier>
    </Filter>
    <Filter Include="Header Files\Graphics\DirectX">
      <UniqueIdentifier>{988e7dd1-d65f-4a38-a1b9-c47e57eb882f}</UniqueIdentifier>
    </Filter>
    <Filter Include="Source Files\Graphics\DirectX">
      <UniqueIdentifier>{cd43da58-0887-4362-9f1e-e23c692def23}</UniqueIdentifier>
    </Filter>
    <Filter Include="Source Files\Hooks\XLive">
      <UniqueIdentifier>{16e62a00-346f-471e-8201-061e353da731}</UniqueIdentifier>
    </Filter>
    <Filter Include="Header Files\Hooks\XLive">
      <UniqueIdentifier>{3095689f-dda9-44a7-b043-0ba3fbd38c38}</UniqueIdentifier>
    </Filter>
    <Filter Include="Header Files\Network\Shared">
      <UniqueIdentifier>{f2406a1d-0a05-4ad2-87c8-b69d5498868b}</UniqueIdentifier>
    </Filter>
    <Filter Include="Source Files\Game\IV">
      <UniqueIdentifier>{d6de98b1-a0cc-4a14-8e60-4c14375ceb97}</UniqueIdentifier>
    </Filter>
    <Filter Include="Source Files\Game\IV\Script">
      <UniqueIdentifier>{5ea8cd6f-b8df-4dcc-b043-c24e7d76e210}</UniqueIdentifier>
    </Filter>
    <Filter Include="Header Files\Libraries\DirectX">
      <UniqueIdentifier>{3f45167a-debb-4001-b911-80d8bdd97303}</UniqueIdentifier>
    </Filter>
    <Filter Include="Header Files\Libraries\LibPNG">
      <UniqueIdentifier>{4493b913-257e-4e51-abd0-be17c30c77cb}</UniqueIdentifier>
    </Filter>
    <Filter Include="Header Files\Libraries\Zlib">
      <UniqueIdentifier>{d29abb51-0ce3-4a3d-9cd8-88e5e0982110}</UniqueIdentifier>
    </Filter>
    <Filter Include="Source Files\Hooks\CWin32MouseHook">
      <UniqueIdentifier>{48a9aec6-ea59-4631-83d9-d620322d6175}</UniqueIdentifier>
    </Filter>
    <Filter Include="Header Files\Hooks\CWin32MouseHook">
      <UniqueIdentifier>{3d37df47-b8f2-401b-bf5e-8bbe13bf9232}</UniqueIdentifier>
    </Filter>
    <Filter Include="Source Files\General">
      <UniqueIdentifier>{5d59ae32-21ba-40c9-b6ae-c36caefcae67}</UniqueIdentifier>
    </Filter>
    <Filter Include="Header Files\General">
      <UniqueIdentifier>{7462d777-5630-4513-9b77-bc61bcf4f07f}</UniqueIdentifier>
    </Filter>
    <Filter Include="Header Files\Network\Entity">
      <UniqueIdentifier>{af954cd9-5ad4-473c-88b7-8e73dc096e5b}</UniqueIdentifier>
    </Filter>
    <Filter Include="Resources">
      <UniqueIdentifier>{9285ac95-9db2-4bc3-bbec-141a7ad0787d}</UniqueIdentifier>
    </Filter>
    <Filter Include="Header Files\Libraries\md5">
      <UniqueIdentifier>{1335a3e3-5167-4395-aecd-6226fa580870}</UniqueIdentifier>
    </Filter>
    <Filter Include="Source Files\Libraries">
      <UniqueIdentifier>{d964c099-b2be-4118-95b7-bfc172bbc1d1}</UniqueIdentifier>
    </Filter>
    <Filter Include="Source Files\Libraries\TinyXML">
      <UniqueIdentifier>{ea52250c-f438-49bf-a887-9dbe9d425185}</UniqueIdentifier>
    </Filter>
    <Filter Include="Source Files\Libraries\ZLib">
      <UniqueIdentifier>{6c219bf2-c921-44a9-897a-9027bbcfe0c0}</UniqueIdentifier>
    </Filter>
    <Filter Include="Source Files\Libraries\LibPNG">
      <UniqueIdentifier>{aef79625-8d90-4195-a707-5340a3e588ed}</UniqueIdentifier>
    </Filter>
    <Filter Include="Source Files\Libraries\md5">
      <UniqueIdentifier>{3ced2430-7826-44cd-a67c-b979ed7a32a3}</UniqueIdentifier>
    </Filter>
    <Filter Include="Source Files\Network">
      <UniqueIdentifier>{c9ae161e-8a7b-4223-8b00-2f451aeda1a0}</UniqueIdentifier>
    </Filter>
    <Filter Include="Source Files\Network\Shared">
      <UniqueIdentifier>{f0910143-47ff-47fb-8d51-a9bc2adfd8f6}</UniqueIdentifier>
    </Filter>
    <Filter Include="Source Files\Network\Entity">
      <UniqueIdentifier>{622fa046-c92b-4f9f-a76b-fc8b90ad35a3}</UniqueIdentifier>
    </Filter>
    <Filter Include="Source Files\Audio">
      <UniqueIdentifier>{179c3867-564e-4a8e-96e1-18f627f707d2}</UniqueIdentifier>
    </Filter>
    <Filter Include="Header Files\Audio">
      <UniqueIdentifier>{e8acafa7-a8cf-4b76-8018-768448e9682e}</UniqueIdentifier>
    </Filter>
    <Filter Include="Source Files\Shared\Scripting">
      <UniqueIdentifier>{598e00eb-b2e7-4b72-b77d-7195d201c465}</UniqueIdentifier>
    </Filter>
    <Filter Include="Source Files\Shared\Scripting\ResourceSystem">
      <UniqueIdentifier>{bbe12ddb-a418-444b-951f-c65dc724ed76}</UniqueIdentifier>
    </Filter>
    <Filter Include="Header Files\Shared\Scripting">
      <UniqueIdentifier>{206f7222-d25f-49d6-a17e-d069014cdab5}</UniqueIdentifier>
    </Filter>
    <Filter Include="Header Files\Shared\Scripting\ResourceSystem">
      <UniqueIdentifier>{0a3c4634-45be-4e79-bc8d-057f2b319196}</UniqueIdentifier>
    </Filter>
    <Filter Include="Header Files\Shared\Scripting\Natives">
      <UniqueIdentifier>{80ac8cf3-eb87-4839-a9c6-e869bef1d98b}</UniqueIdentifier>
    </Filter>
    <Filter Include="Source Files\Shared\Scripting\Natives">
      <UniqueIdentifier>{c78c682c-e17b-45b1-aefc-956234eae8e1}</UniqueIdentifier>
    </Filter>
    <Filter Include="Source Files\Libraries\Squirrel">
      <UniqueIdentifier>{1d376fac-e61e-4a00-9ec0-9a554db53fa3}</UniqueIdentifier>
    </Filter>
    <Filter Include="Source Files\Libraries\lua">
      <UniqueIdentifier>{4d3f9556-55fb-40fc-b604-dd118c07f04f}</UniqueIdentifier>
    </Filter>
    <Filter Include="Header Files\Game\EFLC">
      <UniqueIdentifier>{66f0e727-9728-4c50-a35b-064380e4a8b6}</UniqueIdentifier>
    </Filter>
    <Filter Include="Header Files\Game\EFLC\TaskInfo">
      <UniqueIdentifier>{ba24ed01-bd87-4b76-bedb-dc68fda4c0ac}</UniqueIdentifier>
    </Filter>
    <Filter Include="Source Files\Game\EFLC">
      <UniqueIdentifier>{7296ed96-ec8b-4ac1-a22b-d9181a241e34}</UniqueIdentifier>
    </Filter>
    <Filter Include="Source Files\Game\EFLC\TaskInfo">
      <UniqueIdentifier>{6961e075-3dce-4862-8ee2-7dca5de7b79a}</UniqueIdentifier>
    </Filter>
    <Filter Include="Source Files\Scripting\Natives">
      <UniqueIdentifier>{73d61ccd-b21f-4eef-aa19-2eaebd92e12c}</UniqueIdentifier>
    </Filter>
    <Filter Include="Header Files\Scripting\Natives">
      <UniqueIdentifier>{c486f4fc-88b5-44c9-8750-a3bb5f56087a}</UniqueIdentifier>
    </Filter>
  </ItemGroup>
  <ItemGroup>
    <ClCompile Include="Main.cpp">
      <Filter>Source Files</Filter>
    </ClCompile>
    <ClCompile Include="CCore.cpp">
      <Filter>Source Files</Filter>
    </ClCompile>
    <ClCompile Include="Game\Entity\CNetworkEntity.cpp">
      <Filter>Source Files\Network\Entity</Filter>
    </ClCompile>
    <ClCompile Include="Game\Entity\CPlayerEntity.cpp">
      <Filter>Source Files\Network\Entity</Filter>
    </ClCompile>
    <ClCompile Include="Game\CGame.cpp">
      <Filter>Source Files\Game</Filter>
    </ClCompile>
    <ClCompile Include="Game\COffsets.cpp">
      <Filter>Source Files\Game</Filter>
    </ClCompile>
    <ClCompile Include="..\..\Shared\CLogFile.cpp">
      <Filter>Source Files\Shared</Filter>
    </ClCompile>
    <ClCompile Include="..\..\Shared\Threading\CMutex.cpp">
      <Filter>Source Files\Shared</Filter>
    </ClCompile>
    <ClCompile Include="..\..\Shared\Threading\CThread.cpp">
      <Filter>Source Files\Shared</Filter>
    </ClCompile>
    <ClCompile Include="..\..\Shared\CString.cpp">
      <Filter>Source Files\Shared</Filter>
    </ClCompile>
    <ClCompile Include="..\..\Shared\SharedUtility.cpp">
      <Filter>Source Files\Shared</Filter>
    </ClCompile>
    <ClCompile Include="Game\CPatches.cpp">
      <Filter>Source Files\Game</Filter>
    </ClCompile>
    <ClCompile Include="Game\CHooks.cpp">
      <Filter>Source Files\Game</Filter>
    </ClCompile>
    <ClCompile Include="..\..\Shared\CSettings.cpp">
      <Filter>Source Files\Shared</Filter>
    </ClCompile>
    <ClCompile Include="..\..\Libraries\tinyxml\ticpp.cpp">
      <Filter>Source Files\Libraries\TinyXML</Filter>
    </ClCompile>
    <ClCompile Include="..\..\Libraries\tinyxml\tinystr.cpp">
      <Filter>Source Files\Libraries\TinyXML</Filter>
    </ClCompile>
    <ClCompile Include="..\..\Libraries\tinyxml\tinyxml.cpp">
      <Filter>Source Files\Libraries\TinyXML</Filter>
    </ClCompile>
    <ClCompile Include="..\..\Libraries\tinyxml\tinyxmlerror.cpp">
      <Filter>Source Files\Libraries\TinyXML</Filter>
    </ClCompile>
    <ClCompile Include="..\..\Libraries\tinyxml\tinyxmlparser.cpp">
      <Filter>Source Files\Libraries\TinyXML</Filter>
    </ClCompile>
    <ClCompile Include="..\..\Shared\Patcher\CPatcher.cpp">
      <Filter>Source Files\Shared</Filter>
    </ClCompile>
    <ClCompile Include="Network\CLocalPlayer.cpp">
      <Filter>Source Files\Network</Filter>
    </ClCompile>
    <ClCompile Include="Hooks\CXLive.cpp">
      <Filter>Source Files\Hooks\XLive</Filter>
    </ClCompile>
    <ClCompile Include="Game\CGameFuncs.cpp">
      <Filter>Source Files\Game</Filter>
    </ClCompile>
    <ClCompile Include="Graphics\IDirect3DDevice9Proxy.cpp">
      <Filter>Source Files\Graphics\DirectX</Filter>
    </ClCompile>
    <ClCompile Include="Graphics\IDirect3D9Proxy.cpp">
      <Filter>Source Files\Graphics\DirectX</Filter>
    </ClCompile>
    <ClCompile Include="Graphics\CDirectInputDevice8Proxy.cpp">
      <Filter>Source Files\Graphics\DirectX</Filter>
    </ClCompile>
    <ClCompile Include="Graphics\CDirectInput8Proxy.cpp">
      <Filter>Source Files\Graphics\DirectX</Filter>
    </ClCompile>
    <ClCompile Include="Graphics\CDirectInput8Hook.cpp">
      <Filter>Source Files\Graphics\DirectX</Filter>
    </ClCompile>
    <ClCompile Include="Graphics\CDirect3D9Hook.cpp">
      <Filter>Source Files\Graphics\DirectX</Filter>
    </ClCompile>
    <ClCompile Include="Graphics\CGraphics.cpp">
      <Filter>Source Files\Graphics</Filter>
    </ClCompile>
    <ClCompile Include="Graphics\CChat.cpp">
      <Filter>Source Files\Graphics</Filter>
    </ClCompile>
    <ClCompile Include="Graphics\CFPSCounter.cpp">
      <Filter>Source Files\Graphics</Filter>
    </ClCompile>
    <ClCompile Include="Game\CTaskManager.cpp">
      <Filter>Source Files\Game</Filter>
    </ClCompile>
    <ClCompile Include="..\..\Shared\Network\CBitStream.cpp">
      <Filter>Source Files\Network\Shared</Filter>
    </ClCompile>
    <ClCompile Include="Game\Entity\CVehicleEntity.cpp">
      <Filter>Source Files\Network\Entity</Filter>
    </ClCompile>
    <ClCompile Include="Game\Entity\CActorEntity.cpp">
      <Filter>Source Files\Network\Entity</Filter>
    </ClCompile>
    <ClCompile Include="Game\Entity\CObjectEntity.cpp">
      <Filter>Source Files\Network\Entity</Filter>
    </ClCompile>
    <ClCompile Include="Game\Entity\CFireEntity.cpp">
      <Filter>Source Files\Network\Entity</Filter>
    </ClCompile>
    <ClCompile Include="Game\Entity\CPickupEntity.cpp">
      <Filter>Source Files\Network\Entity</Filter>
    </ClCompile>
    <ClCompile Include="Game\Entity\C3DLabelEntity.cpp">
      <Filter>Source Files\Network\Entity</Filter>
    </ClCompile>
    <ClCompile Include="Game\Entity\CBlipEntity.cpp">
      <Filter>Source Files\Network\Entity</Filter>
    </ClCompile>
    <ClCompile Include="Game\Entity\CCheckpointEntity.cpp">
      <Filter>Source Files\Network\Entity</Filter>
    </ClCompile>
    <ClCompile Include="Network\CNetworkManager.cpp">
      <Filter>Source Files\Network</Filter>
    </ClCompile>
    <ClCompile Include="Network\CNetworkRPC.cpp">
      <Filter>Source Files\Network</Filter>
    </ClCompile>
    <ClCompile Include="Game\CCharacterManager.cpp">
      <Filter>Source Files\Game</Filter>
    </ClCompile>
    <ClCompile Include="Game\CCamera.cpp">
      <Filter>Source Files\Game\IV</Filter>
    </ClCompile>
    <ClCompile Include="Game\CPools.cpp">
      <Filter>Source Files\Game\IV</Filter>
    </ClCompile>
    <ClCompile Include="Game\CTrafficHandler.cpp">
      <Filter>Source Files\Game\IV</Filter>
    </ClCompile>
    <ClCompile Include="..\..\Shared\Game\CTrafficLights.cpp">
      <Filter>Source Files\Game\IV</Filter>
    </ClCompile>
    <ClCompile Include="Scripting\CClientCommands.cpp">
      <Filter>Source Files\Scripting</Filter>
    </ClCompile>
    <ClCompile Include="Graphics\CSnapShot.cpp">
      <Filter>Source Files\Graphics</Filter>
    </ClCompile>
    <ClCompile Include="..\..\Libraries\lpng142\png.c">
      <Filter>Source Files\Libraries\LibPNG</Filter>
    </ClCompile>
    <ClCompile Include="..\..\Libraries\lpng142\pngerror.c">
      <Filter>Source Files\Libraries\LibPNG</Filter>
    </ClCompile>
    <ClCompile Include="..\..\Libraries\lpng142\pngget.c">
      <Filter>Source Files\Libraries\LibPNG</Filter>
    </ClCompile>
    <ClCompile Include="..\..\Libraries\lpng142\pngmem.c">
      <Filter>Source Files\Libraries\LibPNG</Filter>
    </ClCompile>
    <ClCompile Include="..\..\Libraries\lpng142\pngpread.c">
      <Filter>Source Files\Libraries\LibPNG</Filter>
    </ClCompile>
    <ClCompile Include="..\..\Libraries\lpng142\pngread.c">
      <Filter>Source Files\Libraries\LibPNG</Filter>
    </ClCompile>
    <ClCompile Include="..\..\Libraries\lpng142\pngrio.c">
      <Filter>Source Files\Libraries\LibPNG</Filter>
    </ClCompile>
    <ClCompile Include="..\..\Libraries\lpng142\pngrtran.c">
      <Filter>Source Files\Libraries\LibPNG</Filter>
    </ClCompile>
    <ClCompile Include="..\..\Libraries\lpng142\pngrutil.c">
      <Filter>Source Files\Libraries\LibPNG</Filter>
    </ClCompile>
    <ClCompile Include="..\..\Libraries\lpng142\pngset.c">
      <Filter>Source Files\Libraries\LibPNG</Filter>
    </ClCompile>
    <ClCompile Include="..\..\Libraries\lpng142\pngtest.c">
      <Filter>Source Files\Libraries\LibPNG</Filter>
    </ClCompile>
    <ClCompile Include="..\..\Libraries\lpng142\pngtrans.c">
      <Filter>Source Files\Libraries\LibPNG</Filter>
    </ClCompile>
    <ClCompile Include="..\..\Libraries\lpng142\pngwio.c">
      <Filter>Source Files\Libraries\LibPNG</Filter>
    </ClCompile>
    <ClCompile Include="..\..\Libraries\lpng142\pngwrite.c">
      <Filter>Source Files\Libraries\LibPNG</Filter>
    </ClCompile>
    <ClCompile Include="..\..\Libraries\lpng142\pngwtran.c">
      <Filter>Source Files\Libraries\LibPNG</Filter>
    </ClCompile>
    <ClCompile Include="..\..\Libraries\lpng142\pngwutil.c">
      <Filter>Source Files\Libraries\LibPNG</Filter>
    </ClCompile>
    <ClCompile Include="..\..\Libraries\zlib-1.2.5\adler32.c">
      <Filter>Source Files\Libraries\ZLib</Filter>
    </ClCompile>
    <ClCompile Include="..\..\Libraries\zlib-1.2.5\compress.c">
      <Filter>Source Files\Libraries\ZLib</Filter>
    </ClCompile>
    <ClCompile Include="..\..\Libraries\zlib-1.2.5\crc32.c">
      <Filter>Source Files\Libraries\ZLib</Filter>
    </ClCompile>
    <ClCompile Include="..\..\Libraries\zlib-1.2.5\deflate.c">
      <Filter>Source Files\Libraries\ZLib</Filter>
    </ClCompile>
    <ClCompile Include="..\..\Libraries\zlib-1.2.5\gzclose.c">
      <Filter>Source Files\Libraries\ZLib</Filter>
    </ClCompile>
    <ClCompile Include="..\..\Libraries\zlib-1.2.5\gzlib.c">
      <Filter>Source Files\Libraries\ZLib</Filter>
    </ClCompile>
    <ClCompile Include="..\..\Libraries\zlib-1.2.5\gzread.c">
      <Filter>Source Files\Libraries\ZLib</Filter>
    </ClCompile>
    <ClCompile Include="..\..\Libraries\zlib-1.2.5\gzwrite.c">
      <Filter>Source Files\Libraries\ZLib</Filter>
    </ClCompile>
    <ClCompile Include="..\..\Libraries\zlib-1.2.5\infback.c">
      <Filter>Source Files\Libraries\ZLib</Filter>
    </ClCompile>
    <ClCompile Include="..\..\Libraries\zlib-1.2.5\inffast.c">
      <Filter>Source Files\Libraries\ZLib</Filter>
    </ClCompile>
    <ClCompile Include="..\..\Libraries\zlib-1.2.5\inflate.c">
      <Filter>Source Files\Libraries\ZLib</Filter>
    </ClCompile>
    <ClCompile Include="..\..\Libraries\zlib-1.2.5\inftrees.c">
      <Filter>Source Files\Libraries\ZLib</Filter>
    </ClCompile>
    <ClCompile Include="..\..\Libraries\zlib-1.2.5\trees.c">
      <Filter>Source Files\Libraries\ZLib</Filter>
    </ClCompile>
    <ClCompile Include="..\..\Libraries\zlib-1.2.5\uncompr.c">
      <Filter>Source Files\Libraries\ZLib</Filter>
    </ClCompile>
    <ClCompile Include="..\..\Libraries\zlib-1.2.5\zutil.c">
      <Filter>Source Files\Libraries\ZLib</Filter>
    </ClCompile>
    <ClCompile Include="..\..\Shared\CZlib.cpp">
      <Filter>Source Files\Shared</Filter>
    </ClCompile>
    <ClCompile Include="General\CException.cpp">
      <Filter>Source Files\General</Filter>
    </ClCompile>
    <ClCompile Include="General\CModuleManager.cpp">
      <Filter>Source Files\General</Filter>
    </ClCompile>
    <ClCompile Include="..\..\Libraries\md5\md5.cpp">
      <Filter>Source Files\Libraries\md5</Filter>
    </ClCompile>
    <ClCompile Include="General\CModule.cpp">
      <Filter>Source Files\General</Filter>
    </ClCompile>
    <ClCompile Include="..\..\Shared\CLibrary.cpp">
      <Filter>Source Files\Shared</Filter>
    </ClCompile>
    <ClCompile Include="Graphics\Input.cpp">
      <Filter>Source Files\General</Filter>
    </ClCompile>
    <ClCompile Include="Game\CCrashFixes.cpp">
      <Filter>Source Files\Game</Filter>
    </ClCompile>
    <ClCompile Include="Graphics\CGUI.cpp">
      <Filter>Source Files\GUI</Filter>
    </ClCompile>
    <ClCompile Include="Graphics\CMainMenu.cpp">
      <Filter>Source Files\GUI</Filter>
    </ClCompile>
    <ClCompile Include="..\..\Libraries\audio\CAudio.cpp">
      <Filter>Source Files\Audio</Filter>
    </ClCompile>
    <ClCompile Include="..\..\Libraries\audio\CAudioManager.cpp">
      <Filter>Source Files\Audio</Filter>
    </ClCompile>
    <ClCompile Include="Graphics\CLoadingScreen.cpp">
      <Filter>Source Files\GUI</Filter>
    </ClCompile>
    <ClCompile Include="Game\EpisodeManager.cpp">
      <Filter>Source Files\Game</Filter>
    </ClCompile>
    <ClCompile Include="Network\CHttpClient.cpp">
      <Filter>Source Files\Network</Filter>
    </ClCompile>
    <ClCompile Include="CTags.cpp">
      <Filter>Source Files\Graphics</Filter>
    </ClCompile>
    <ClCompile Include="..\..\Shared\Scripting\ApplyTuple.cpp">
      <Filter>Source Files\Shared\Scripting</Filter>
    </ClCompile>
    <ClCompile Include="..\..\Shared\Scripting\CEvents.cpp">
      <Filter>Source Files\Shared\Scripting</Filter>
    </ClCompile>
    <ClCompile Include="..\..\Shared\Scripting\CLuaVM.cpp">
      <Filter>Source Files\Shared\Scripting</Filter>
    </ClCompile>
    <ClCompile Include="..\..\Shared\Scripting\CScript.cpp">
      <Filter>Source Files\Shared\Scripting</Filter>
    </ClCompile>
    <ClCompile Include="..\..\Shared\Scripting\CScriptArgument.cpp">
      <Filter>Source Files\Shared\Scripting</Filter>
    </ClCompile>
    <ClCompile Include="..\..\Shared\Scripting\CScriptArguments.cpp">
      <Filter>Source Files\Shared\Scripting</Filter>
    </ClCompile>
    <ClCompile Include="..\..\Shared\Scripting\CSquirrelVM.cpp">
      <Filter>Source Files\Shared\Scripting</Filter>
    </ClCompile>
    <ClCompile Include="..\..\Shared\Scripting\ResourceSystem\CIncludedResource.cpp">
      <Filter>Source Files\Shared\Scripting\ResourceSystem</Filter>
    </ClCompile>
    <ClCompile Include="..\..\Shared\Scripting\ResourceSystem\CResource.cpp">
      <Filter>Source Files\Shared\Scripting\ResourceSystem</Filter>
    </ClCompile>
    <ClCompile Include="..\..\Shared\Scripting\ResourceSystem\CResourceClientFile.cpp">
      <Filter>Source Files\Shared\Scripting\ResourceSystem</Filter>
    </ClCompile>
    <ClCompile Include="..\..\Shared\Scripting\ResourceSystem\CResourceClientScript.cpp">
      <Filter>Source Files\Shared\Scripting\ResourceSystem</Filter>
    </ClCompile>
    <ClCompile Include="..\..\Shared\Scripting\ResourceSystem\CResourceFile.cpp">
      <Filter>Source Files\Shared\Scripting\ResourceSystem</Filter>
    </ClCompile>
    <ClCompile Include="..\..\Shared\Scripting\ResourceSystem\CResourceManager.cpp">
      <Filter>Source Files\Shared\Scripting\ResourceSystem</Filter>
    </ClCompile>
    <ClCompile Include="..\..\Shared\Scripting\ResourceSystem\CResourceScriptFile.cpp">
      <Filter>Source Files\Shared\Scripting\ResourceSystem</Filter>
    </ClCompile>
    <ClCompile Include="..\..\Shared\Scripting\ResourceSystem\CResourceServerScript.cpp">
      <Filter>Source Files\Shared\Scripting\ResourceSystem</Filter>
    </ClCompile>
    <ClCompile Include="..\..\Shared\CXML.cpp">
      <Filter>Source Files\Shared</Filter>
    </ClCompile>
    <ClCompile Include="..\..\Shared\Scripting\Natives\CEventNatives.cpp">
      <Filter>Source Files\Shared\Scripting\Natives</Filter>
    </ClCompile>
    <ClCompile Include="..\..\Shared\Scripting\Natives\CMathNatives.cpp">
      <Filter>Source Files\Shared\Scripting\Natives</Filter>
    </ClCompile>
    <ClCompile Include="..\..\Shared\Scripting\Natives\CSystemNatives.cpp">
      <Filter>Source Files\Shared\Scripting\Natives</Filter>
    </ClCompile>
    <ClCompile Include="..\..\Libraries\Squirrel\sqapi.cpp">
      <Filter>Source Files\Libraries\Squirrel</Filter>
    </ClCompile>
    <ClCompile Include="..\..\Libraries\Squirrel\sqbaselib.cpp">
      <Filter>Source Files\Libraries\Squirrel</Filter>
    </ClCompile>
    <ClCompile Include="..\..\Libraries\Squirrel\sqclass.cpp">
      <Filter>Source Files\Libraries\Squirrel</Filter>
    </ClCompile>
    <ClCompile Include="..\..\Libraries\Squirrel\sqcompiler.cpp">
      <Filter>Source Files\Libraries\Squirrel</Filter>
    </ClCompile>
    <ClCompile Include="..\..\Libraries\Squirrel\sqdebug.cpp">
      <Filter>Source Files\Libraries\Squirrel</Filter>
    </ClCompile>
    <ClCompile Include="..\..\Libraries\Squirrel\sqfuncstate.cpp">
      <Filter>Source Files\Libraries\Squirrel</Filter>
    </ClCompile>
    <ClCompile Include="..\..\Libraries\Squirrel\sqlexer.cpp">
      <Filter>Source Files\Libraries\Squirrel</Filter>
    </ClCompile>
    <ClCompile Include="..\..\Libraries\Squirrel\sqmem.cpp">
      <Filter>Source Files\Libraries\Squirrel</Filter>
    </ClCompile>
    <ClCompile Include="..\..\Libraries\Squirrel\sqobject.cpp">
      <Filter>Source Files\Libraries\Squirrel</Filter>
    </ClCompile>
    <ClCompile Include="..\..\Libraries\Squirrel\sqstate.cpp">
      <Filter>Source Files\Libraries\Squirrel</Filter>
    </ClCompile>
    <ClCompile Include="..\..\Libraries\Squirrel\sqstdaux.cpp">
      <Filter>Source Files\Libraries\Squirrel</Filter>
    </ClCompile>
    <ClCompile Include="..\..\Libraries\Squirrel\sqstdblob.cpp">
      <Filter>Source Files\Libraries\Squirrel</Filter>
    </ClCompile>
    <ClCompile Include="..\..\Libraries\Squirrel\sqstdio.cpp">
      <Filter>Source Files\Libraries\Squirrel</Filter>
    </ClCompile>
    <ClCompile Include="..\..\Libraries\Squirrel\sqstdmath.cpp">
      <Filter>Source Files\Libraries\Squirrel</Filter>
    </ClCompile>
    <ClCompile Include="..\..\Libraries\Squirrel\sqstdrex.cpp">
      <Filter>Source Files\Libraries\Squirrel</Filter>
    </ClCompile>
    <ClCompile Include="..\..\Libraries\Squirrel\sqstdstream.cpp">
      <Filter>Source Files\Libraries\Squirrel</Filter>
    </ClCompile>
    <ClCompile Include="..\..\Libraries\Squirrel\sqstdstring.cpp">
      <Filter>Source Files\Libraries\Squirrel</Filter>
    </ClCompile>
    <ClCompile Include="..\..\Libraries\Squirrel\sqstdsystem.cpp">
      <Filter>Source Files\Libraries\Squirrel</Filter>
    </ClCompile>
    <ClCompile Include="..\..\Libraries\Squirrel\sqtable.cpp">
      <Filter>Source Files\Libraries\Squirrel</Filter>
    </ClCompile>
    <ClCompile Include="..\..\Libraries\Squirrel\sqvm.cpp">
      <Filter>Source Files\Libraries\Squirrel</Filter>
    </ClCompile>
    <ClCompile Include="..\..\Libraries\lua\lapi.c">
      <Filter>Source Files\Libraries\lua</Filter>
    </ClCompile>
    <ClCompile Include="..\..\Libraries\lua\lauxlib.c">
      <Filter>Source Files\Libraries\lua</Filter>
    </ClCompile>
    <ClCompile Include="..\..\Libraries\lua\lbaselib.c">
      <Filter>Source Files\Libraries\lua</Filter>
    </ClCompile>
    <ClCompile Include="..\..\Libraries\lua\lbitlib.c">
      <Filter>Source Files\Libraries\lua</Filter>
    </ClCompile>
    <ClCompile Include="..\..\Libraries\lua\lcode.c">
      <Filter>Source Files\Libraries\lua</Filter>
    </ClCompile>
    <ClCompile Include="..\..\Libraries\lua\lcorolib.c">
      <Filter>Source Files\Libraries\lua</Filter>
    </ClCompile>
    <ClCompile Include="..\..\Libraries\lua\lctype.c">
      <Filter>Source Files\Libraries\lua</Filter>
    </ClCompile>
    <ClCompile Include="..\..\Libraries\lua\ldblib.c">
      <Filter>Source Files\Libraries\lua</Filter>
    </ClCompile>
    <ClCompile Include="..\..\Libraries\lua\ldebug.c">
      <Filter>Source Files\Libraries\lua</Filter>
    </ClCompile>
    <ClCompile Include="..\..\Libraries\lua\ldo.c">
      <Filter>Source Files\Libraries\lua</Filter>
    </ClCompile>
    <ClCompile Include="..\..\Libraries\lua\ldump.c">
      <Filter>Source Files\Libraries\lua</Filter>
    </ClCompile>
    <ClCompile Include="..\..\Libraries\lua\lfunc.c">
      <Filter>Source Files\Libraries\lua</Filter>
    </ClCompile>
    <ClCompile Include="..\..\Libraries\lua\lgc.c">
      <Filter>Source Files\Libraries\lua</Filter>
    </ClCompile>
    <ClCompile Include="..\..\Libraries\lua\linit.c">
      <Filter>Source Files\Libraries\lua</Filter>
    </ClCompile>
    <ClCompile Include="..\..\Libraries\lua\liolib.c">
      <Filter>Source Files\Libraries\lua</Filter>
    </ClCompile>
    <ClCompile Include="..\..\Libraries\lua\llex.c">
      <Filter>Source Files\Libraries\lua</Filter>
    </ClCompile>
    <ClCompile Include="..\..\Libraries\lua\lmathlib.c">
      <Filter>Source Files\Libraries\lua</Filter>
    </ClCompile>
    <ClCompile Include="..\..\Libraries\lua\lmem.c">
      <Filter>Source Files\Libraries\lua</Filter>
    </ClCompile>
    <ClCompile Include="..\..\Libraries\lua\loadlib.c">
      <Filter>Source Files\Libraries\lua</Filter>
    </ClCompile>
    <ClCompile Include="..\..\Libraries\lua\lobject.c">
      <Filter>Source Files\Libraries\lua</Filter>
    </ClCompile>
    <ClCompile Include="..\..\Libraries\lua\lopcodes.c">
      <Filter>Source Files\Libraries\lua</Filter>
    </ClCompile>
    <ClCompile Include="..\..\Libraries\lua\loslib.c">
      <Filter>Source Files\Libraries\lua</Filter>
    </ClCompile>
    <ClCompile Include="..\..\Libraries\lua\lparser.c">
      <Filter>Source Files\Libraries\lua</Filter>
    </ClCompile>
    <ClCompile Include="..\..\Libraries\lua\lstate.c">
      <Filter>Source Files\Libraries\lua</Filter>
    </ClCompile>
    <ClCompile Include="..\..\Libraries\lua\lstring.c">
      <Filter>Source Files\Libraries\lua</Filter>
    </ClCompile>
    <ClCompile Include="..\..\Libraries\lua\lstrlib.c">
      <Filter>Source Files\Libraries\lua</Filter>
    </ClCompile>
    <ClCompile Include="..\..\Libraries\lua\ltable.c">
      <Filter>Source Files\Libraries\lua</Filter>
    </ClCompile>
    <ClCompile Include="..\..\Libraries\lua\ltablib.c">
      <Filter>Source Files\Libraries\lua</Filter>
    </ClCompile>
    <ClCompile Include="..\..\Libraries\lua\ltm.c">
      <Filter>Source Files\Libraries\lua</Filter>
    </ClCompile>
    <ClCompile Include="..\..\Libraries\lua\lundump.c">
      <Filter>Source Files\Libraries\lua</Filter>
    </ClCompile>
    <ClCompile Include="..\..\Libraries\lua\lvm.c">
      <Filter>Source Files\Libraries\lua</Filter>
    </ClCompile>
    <ClCompile Include="..\..\Libraries\lua\lzio.c">
      <Filter>Source Files\Libraries\lua</Filter>
    </ClCompile>
    <ClCompile Include="Game\CContextSwitch.cpp">
      <Filter>Source Files\Game</Filter>
    </ClCompile>
    <ClCompile Include="Hooks\CWin32MouseHook.cpp">
      <Filter>Source Files\Hooks\XLive</Filter>
    </ClCompile>
    <ClCompile Include="Network\CDownloadManager.cpp">
      <Filter>Source Files\Network</Filter>
    </ClCompile>
    <ClCompile Include="Game\EFLC\CCam.cpp">
      <Filter>Source Files\Game\EFLC</Filter>
    </ClCompile>
    <ClCompile Include="Game\EFLC\CDynamicEntity.cpp">
      <Filter>Source Files\Game\EFLC</Filter>
    </ClCompile>
    <ClCompile Include="Game\EFLC\CEntity.cpp">
      <Filter>Source Files\Game\EFLC</Filter>
    </ClCompile>
    <ClCompile Include="Game\EFLC\CGameScript.cpp">
      <Filter>Source Files\Game\EFLC</Filter>
    </ClCompile>
    <ClCompile Include="Game\EFLC\CHud.cpp">
      <Filter>Source Files\Game\EFLC</Filter>
    </ClCompile>
    <ClCompile Include="Game\EFLC\CModelInfo.cpp">
      <Filter>Source Files\Game\EFLC</Filter>
    </ClCompile>
    <ClCompile Include="Game\EFLC\CModelManager.cpp">
      <Filter>Source Files\Game\EFLC</Filter>
    </ClCompile>
    <ClCompile Include="Game\EFLC\CObject.cpp">
      <Filter>Source Files\Game\EFLC</Filter>
    </ClCompile>
    <ClCompile Include="Game\EFLC\CPad.cpp">
      <Filter>Source Files\Game\EFLC</Filter>
    </ClCompile>
    <ClCompile Include="Game\EFLC\CPed.cpp">
      <Filter>Source Files\Game\EFLC</Filter>
    </ClCompile>
    <ClCompile Include="Game\EFLC\CPedTaskManager.cpp">
      <Filter>Source Files\Game\EFLC</Filter>
    </ClCompile>
    <ClCompile Include="Game\EFLC\CPedWeapons.cpp">
      <Filter>Source Files\Game\EFLC</Filter>
    </ClCompile>
    <ClCompile Include="Game\EFLC\CPedWeaponSlot.cpp">
      <Filter>Source Files\Game\EFLC</Filter>
    </ClCompile>
    <ClCompile Include="Game\EFLC\CPhysical.cpp">
      <Filter>Source Files\Game\EFLC</Filter>
    </ClCompile>
    <ClCompile Include="Game\EFLC\CPlayerInfo.cpp">
      <Filter>Source Files\Game\EFLC</Filter>
    </ClCompile>
    <ClCompile Include="Game\EFLC\CPlayerPed.cpp">
      <Filter>Source Files\Game\EFLC</Filter>
    </ClCompile>
    <ClCompile Include="Game\EFLC\CPool.cpp">
      <Filter>Source Files\Game\EFLC</Filter>
    </ClCompile>
    <ClCompile Include="Game\EFLC\CTask.cpp">
      <Filter>Source Files\Game\EFLC</Filter>
    </ClCompile>
    <ClCompile Include="Game\EFLC\CTrain.cpp">
      <Filter>Source Files\Game\EFLC</Filter>
    </ClCompile>
    <ClCompile Include="Game\EFLC\CVehicle.cpp">
      <Filter>Source Files\Game\EFLC</Filter>
    </ClCompile>
    <ClCompile Include="Game\EFLC\CWeapon.cpp">
      <Filter>Source Files\Game\EFLC</Filter>
    </ClCompile>
    <ClCompile Include="Game\EFLC\CWeaponInfo.cpp">
      <Filter>Source Files\Game\EFLC</Filter>
    </ClCompile>
    <ClCompile Include="Game\EFLC\CWeather.cpp">
      <Filter>Source Files\Game\EFLC</Filter>
    </ClCompile>
    <ClCompile Include="Game\EFLC\CWorld.cpp">
      <Filter>Source Files\Game\EFLC</Filter>
    </ClCompile>
    <ClCompile Include="Game\EFLC\IVTasks.cpp">
      <Filter>Source Files\Game\EFLC</Filter>
    </ClCompile>
    <ClCompile Include="Game\EFLC\TaskInfo\CComplexClearVehicleSeatTaskInfo.cpp">
      <Filter>Source Files\Game\EFLC\TaskInfo</Filter>
    </ClCompile>
    <ClCompile Include="Game\EFLC\TaskInfo\CComplexClimbIntoVehicleTaskInfo.cpp">
      <Filter>Source Files\Game\EFLC\TaskInfo</Filter>
    </ClCompile>
    <ClCompile Include="Game\EFLC\TaskInfo\CComplexClimbLadderTaskInfo.cpp">
      <Filter>Source Files\Game\EFLC\TaskInfo</Filter>
    </ClCompile>
    <ClCompile Include="Game\EFLC\TaskInfo\CComplexCombatRetreatInfo.cpp">
      <Filter>Source Files\Game\EFLC\TaskInfo</Filter>
    </ClCompile>
    <ClCompile Include="Game\EFLC\TaskInfo\CComplexFallAndGetUpTaskInfo.cpp">
      <Filter>Source Files\Game\EFLC\TaskInfo</Filter>
    </ClCompile>
    <ClCompile Include="Game\EFLC\TaskInfo\CComplexGangDrivebyTaskInfo.cpp">
      <Filter>Source Files\Game\EFLC\TaskInfo</Filter>
    </ClCompile>
    <ClCompile Include="Game\EFLC\TaskInfo\CComplexGunTaskInfo.cpp">
      <Filter>Source Files\Game\EFLC\TaskInfo</Filter>
    </ClCompile>
    <ClCompile Include="Game\EFLC\TaskInfo\CComplexJumpTaskInfo.cpp">
      <Filter>Source Files\Game\EFLC\TaskInfo</Filter>
    </ClCompile>
    <ClCompile Include="Game\EFLC\TaskInfo\CComplexNewExitVehicleTaskInfo.cpp">
      <Filter>Source Files\Game\EFLC\TaskInfo</Filter>
    </ClCompile>
    <ClCompile Include="Game\EFLC\TaskInfo\CComplexNewGetInVehicleTaskInfo.cpp">
      <Filter>Source Files\Game\EFLC\TaskInfo</Filter>
    </ClCompile>
    <ClCompile Include="Game\EFLC\TaskInfo\CComplexNewUseCoverInfo.cpp">
      <Filter>Source Files\Game\EFLC\TaskInfo</Filter>
    </ClCompile>
    <ClCompile Include="Game\EFLC\TaskInfo\CComplexOnFireInfo.cpp">
      <Filter>Source Files\Game\EFLC\TaskInfo</Filter>
    </ClCompile>
    <ClCompile Include="Game\EFLC\TaskInfo\CComplexOpenVehicleDoorTaskInfo.cpp">
      <Filter>Source Files\Game\EFLC\TaskInfo</Filter>
    </ClCompile>
    <ClCompile Include="Game\EFLC\TaskInfo\CComplexPickUpAndCarryObjectTaskInfo.cpp">
      <Filter>Source Files\Game\EFLC\TaskInfo</Filter>
    </ClCompile>
    <ClCompile Include="Game\EFLC\TaskInfo\CComplexSlideIntoCoverInfo.cpp">
      <Filter>Source Files\Game\EFLC\TaskInfo</Filter>
    </ClCompile>
    <ClCompile Include="Game\EFLC\TaskInfo\CDeadInfo.cpp">
      <Filter>Source Files\Game\EFLC\TaskInfo</Filter>
    </ClCompile>
    <ClCompile Include="Game\EFLC\TaskInfo\CDieInfo.cpp">
      <Filter>Source Files\Game\EFLC\TaskInfo</Filter>
    </ClCompile>
    <ClCompile Include="Game\EFLC\TaskInfo\CMeleeTaskInfo.cpp">
      <Filter>Source Files\Game\EFLC\TaskInfo</Filter>
    </ClCompile>
    <ClCompile Include="Game\EFLC\TaskInfo\CPlayRandomAmbientsInfo.cpp">
      <Filter>Source Files\Game\EFLC\TaskInfo</Filter>
    </ClCompile>
    <ClCompile Include="Game\EFLC\TaskInfo\CScenarioTaskInfo.cpp">
      <Filter>Source Files\Game\EFLC\TaskInfo</Filter>
    </ClCompile>
    <ClCompile Include="Game\EFLC\TaskInfo\CSimpleAimPlayerProjectileInfo.cpp">
      <Filter>Source Files\Game\EFLC\TaskInfo</Filter>
    </ClCompile>
    <ClCompile Include="Game\EFLC\TaskInfo\CSimpleCarDriveTaskInfo.cpp">
      <Filter>Source Files\Game\EFLC\TaskInfo</Filter>
    </ClCompile>
    <ClCompile Include="Game\EFLC\TaskInfo\CSimpleClimbTaskInfo.cpp">
      <Filter>Source Files\Game\EFLC\TaskInfo</Filter>
    </ClCompile>
    <ClCompile Include="Game\EFLC\TaskInfo\CSimpleMeleeActionResultTaskInfo.cpp">
      <Filter>Source Files\Game\EFLC\TaskInfo</Filter>
    </ClCompile>
    <ClCompile Include="Game\EFLC\TaskInfo\CSimpleNMBalanceTaskInfo.cpp">
      <Filter>Source Files\Game\EFLC\TaskInfo</Filter>
    </ClCompile>
    <ClCompile Include="Game\EFLC\TaskInfo\CSimpleNMBraceTaskInfo.cpp">
      <Filter>Source Files\Game\EFLC\TaskInfo</Filter>
    </ClCompile>
    <ClCompile Include="Game\EFLC\TaskInfo\CSimpleNMExplosionTaskInfo.cpp">
      <Filter>Source Files\Game\EFLC\TaskInfo</Filter>
    </ClCompile>
    <ClCompile Include="Game\EFLC\TaskInfo\CSimpleNMFlinchTaskInfo.cpp">
      <Filter>Source Files\Game\EFLC\TaskInfo</Filter>
    </ClCompile>
    <ClCompile Include="Game\EFLC\TaskInfo\CSimpleNMHighFallTaskInfo.cpp">
      <Filter>Source Files\Game\EFLC\TaskInfo</Filter>
    </ClCompile>
    <ClCompile Include="Game\EFLC\TaskInfo\CSimpleNMJumpRollTaskInfo.cpp">
      <Filter>Source Files\Game\EFLC\TaskInfo</Filter>
    </ClCompile>
    <ClCompile Include="Game\EFLC\TaskInfo\CSimpleNMOnFireTaskInfo.cpp">
      <Filter>Source Files\Game\EFLC\TaskInfo</Filter>
    </ClCompile>
    <ClCompile Include="Game\EFLC\TaskInfo\CSimpleNMShotTaskInfo.cpp">
      <Filter>Source Files\Game\EFLC\TaskInfo</Filter>
    </ClCompile>
    <ClCompile Include="Game\EFLC\TaskInfo\CSimpleSidewaysDiveTaskInfo.cpp">
      <Filter>Source Files\Game\EFLC\TaskInfo</Filter>
    </ClCompile>
    <ClCompile Include="Game\EFLC\TaskInfo\CSimpleThrowProjectileInfo.cpp">
      <Filter>Source Files\Game\EFLC\TaskInfo</Filter>
    </ClCompile>
    <ClCompile Include="Game\EFLC\TaskInfo\CSitDownIdleThenStandTaskInfo.cpp">
      <Filter>Source Files\Game\EFLC\TaskInfo</Filter>
    </ClCompile>
    <ClCompile Include="Game\EFLC\TaskInfo\CSitIdleTaskInfo.cpp">
      <Filter>Source Files\Game\EFLC\TaskInfo</Filter>
    </ClCompile>
    <ClCompile Include="Game\EFLC\TaskInfo\CStandUpTaskInfo.cpp">
      <Filter>Source Files\Game\EFLC\TaskInfo</Filter>
    </ClCompile>
    <ClCompile Include="Game\EFLC\TaskInfo\CStatusAndTargetTaskInfo.cpp">
      <Filter>Source Files\Game\EFLC\TaskInfo</Filter>
    </ClCompile>
    <ClCompile Include="Game\EFLC\TaskInfo\CStatusTaskInfo.cpp">
      <Filter>Source Files\Game\EFLC\TaskInfo</Filter>
    </ClCompile>
    <ClCompile Include="Game\EFLC\TaskInfo\CTaskInfo.cpp">
      <Filter>Source Files\Game\EFLC\TaskInfo</Filter>
    </ClCompile>
    <ClCompile Include="Game\EFLC\TaskInfo\CTaskInfoWithCloneTask.cpp">
      <Filter>Source Files\Game\EFLC\TaskInfo</Filter>
    </ClCompile>
    <ClCompile Include="Game\EFLC\TaskInfo\CVehicleTaskInfo.cpp">
      <Filter>Source Files\Game\EFLC\TaskInfo</Filter>
    </ClCompile>
    <ClCompile Include="Game\CContextData.cpp">
      <Filter>Source Files\Game\EFLC</Filter>
    </ClCompile>
    <ClCompile Include="Game\CGameMainScript.cpp">
      <Filter>Source Files\Game\IV\Script</Filter>
    </ClCompile>
    <ClCompile Include="Game\Entity\CPlayerWeapons.cpp">
      <Filter>Source Files\Network\Entity</Filter>
    </ClCompile>
    <ClCompile Include="Graphics\CChatBox.cpp">
      <Filter>Source Files\Graphics</Filter>
    </ClCompile>
    <ClCompile Include="Scripting\Natives\CScriptClasses.cpp">
      <Filter>Source Files\Scripting\Natives</Filter>
    </ClCompile>
  </ItemGroup>
  <ItemGroup>
    <ClInclude Include="CCore.h">
      <Filter>Header Files</Filter>
    </ClInclude>
    <ClInclude Include="Game\Entity\C3DLabelEntity.h">
      <Filter>Header Files\Network\Entity</Filter>
    </ClInclude>
    <ClInclude Include="Game\Entity\CActorEntity.h">
      <Filter>Header Files\Network\Entity</Filter>
    </ClInclude>
    <ClInclude Include="Game\Entity\CBlipEntity.h">
      <Filter>Header Files\Network\Entity</Filter>
    </ClInclude>
    <ClInclude Include="Game\Entity\CCheckpointEntity.h">
      <Filter>Header Files\Network\Entity</Filter>
    </ClInclude>
    <ClInclude Include="Game\Entity\CEntityManager.h">
      <Filter>Header Files\Network\Entity</Filter>
    </ClInclude>
    <ClInclude Include="Game\Entity\CFireEntity.h">
      <Filter>Header Files\Network\Entity</Filter>
    </ClInclude>
    <ClInclude Include="Game\Entity\CNetworkEntity.h">
      <Filter>Header Files\Network\Entity</Filter>
    </ClInclude>
    <ClInclude Include="Game\Entity\CObjectEntity.h">
      <Filter>Header Files\Network\Entity</Filter>
    </ClInclude>
    <ClInclude Include="Game\Entity\CPickupEntity.h">
      <Filter>Header Files\Network\Entity</Filter>
    </ClInclude>
    <ClInclude Include="Game\Entity\CPlayerEntity.h">
      <Filter>Header Files\Network\Entity</Filter>
    </ClInclude>
    <ClInclude Include="Game\Entity\CVehicleEntity.h">
      <Filter>Header Files\Network\Entity</Filter>
    </ClInclude>
    <ClInclude Include="Game\CGame.h">
      <Filter>Header Files\Game</Filter>
    </ClInclude>
    <ClInclude Include="Game\COffsets.h">
      <Filter>Header Files\Game</Filter>
    </ClInclude>
    <ClInclude Include="Game\CPatches.h">
      <Filter>Header Files\Game</Filter>
    </ClInclude>
    <ClInclude Include="Game\CHooks.h">
      <Filter>Header Files\Game</Filter>
    </ClInclude>
    <ClInclude Include="..\..\Shared\CSettings.h">
      <Filter>Header Files\Shared</Filter>
    </ClInclude>
    <ClInclude Include="..\..\Libraries\tinyxml\ticpp.h">
      <Filter>Header Files\Libraries\TinyXML</Filter>
    </ClInclude>
    <ClInclude Include="..\..\Libraries\tinyxml\ticpprc.h">
      <Filter>Header Files\Libraries\TinyXML</Filter>
    </ClInclude>
    <ClInclude Include="..\..\Libraries\tinyxml\tinystr.h">
      <Filter>Header Files\Libraries\TinyXML</Filter>
    </ClInclude>
    <ClInclude Include="..\..\Libraries\tinyxml\tinyxml.h">
      <Filter>Header Files\Libraries\TinyXML</Filter>
    </ClInclude>
    <ClInclude Include="..\..\Shared\Patcher\CPatcher.h">
      <Filter>Header Files\Shared</Filter>
    </ClInclude>
    <ClInclude Include="..\..\Shared\Game\eGame.h">
      <Filter>Header Files\Shared\Game</Filter>
    </ClInclude>
    <ClInclude Include="Hooks\CXLive.h">
      <Filter>Header Files\Hooks\XLive</Filter>
    </ClInclude>
    <ClInclude Include="Game\CGameFuncs.h">
      <Filter>Header Files\Game</Filter>
    </ClInclude>
    <ClInclude Include="IV\IVData.h">
      <Filter>Header Files\Game\IV</Filter>
    </ClInclude>
    <ClInclude Include="Graphics\CGraphics.h">
      <Filter>Header Files\Graphics</Filter>
    </ClInclude>
    <ClInclude Include="Graphics\CDirect3D9Hook.h">
      <Filter>Header Files\Graphics\DirectX</Filter>
    </ClInclude>
    <ClInclude Include="Graphics\CDirectInput8Hook.h">
      <Filter>Header Files\Graphics\DirectX</Filter>
    </ClInclude>
    <ClInclude Include="Graphics\IDirect3D9Proxy.h">
      <Filter>Header Files\Graphics\DirectX</Filter>
    </ClInclude>
    <ClInclude Include="Graphics\IDirect3DDevice9Proxy.h">
      <Filter>Header Files\Graphics\DirectX</Filter>
    </ClInclude>
    <ClInclude Include="Graphics\StdDXInc.h">
      <Filter>Header Files\Graphics\DirectX</Filter>
    </ClInclude>
    <ClInclude Include="Graphics\CDirectInput8Proxy.h">
      <Filter>Header Files\Graphics\DirectX</Filter>
    </ClInclude>
    <ClInclude Include="Graphics\CDirectInputDevice8Proxy.h">
      <Filter>Header Files\Graphics\DirectX</Filter>
    </ClInclude>
    <ClInclude Include="Graphics\CChat.h">
      <Filter>Header Files\Graphics</Filter>
    </ClInclude>
    <ClInclude Include="Graphics\CFPSCounter.h">
      <Filter>Header Files\Graphics</Filter>
    </ClInclude>
    <ClInclude Include="Game\CTaskManager.h">
      <Filter>Header Files\Game</Filter>
    </ClInclude>
    <ClInclude Include="Network\CLocalPlayer.h">
      <Filter>Header Files\Network</Filter>
    </ClInclude>
    <ClInclude Include="..\..\Shared\Network\CBitStream.h">
      <Filter>Header Files\Network\Shared</Filter>
    </ClInclude>
    <ClInclude Include="..\..\Shared\Network\CPacketIdentifiers.h">
      <Filter>Header Files\Network\Shared</Filter>
    </ClInclude>
    <ClInclude Include="..\..\Shared\Network\CRPCIdentifiers.h">
      <Filter>Header Files\Network\Shared</Filter>
    </ClInclude>
    <ClInclude Include="Network\CNetworkManager.h">
      <Filter>Header Files\Network</Filter>
    </ClInclude>
    <ClInclude Include="Game\CCharacterManager.h">
      <Filter>Header Files\Game</Filter>
    </ClInclude>
    <ClInclude Include="Network\CNetworkRPC.h">
      <Filter>Header Files\Network</Filter>
    </ClInclude>
    <ClInclude Include="Game\Entity\CEntitiesManager.h">
      <Filter>Header Files\Network\Entity</Filter>
    </ClInclude>
    <ClInclude Include="Game\CCamera.h">
      <Filter>Header Files\Game\IV</Filter>
    </ClInclude>
    <ClInclude Include="Game\CPools.h">
      <Filter>Header Files\Game\IV</Filter>
    </ClInclude>
    <ClInclude Include="Game\CTrafficHandler.h">
      <Filter>Header Files\Game\IV</Filter>
    </ClInclude>
    <ClInclude Include="..\..\Shared\Game\CTrafficLights.h">
      <Filter>Header Files\Game\IV</Filter>
    </ClInclude>
    <ClInclude Include="Scripting\CClientCommands.h">
      <Filter>Header Files\Scripting</Filter>
    </ClInclude>
    <ClInclude Include="Graphics\CSnapShot.h">
      <Filter>Header Files\Graphics</Filter>
    </ClInclude>
    <ClInclude Include="..\..\Libraries\lpng142\png.h">
      <Filter>Header Files\Libraries\LibPNG</Filter>
    </ClInclude>
    <ClInclude Include="..\..\Libraries\lpng142\pngconf.h">
      <Filter>Header Files\Libraries\LibPNG</Filter>
    </ClInclude>
    <ClInclude Include="..\..\Libraries\lpng142\pngpriv.h">
      <Filter>Header Files\Libraries\LibPNG</Filter>
    </ClInclude>
    <ClInclude Include="..\..\Libraries\zlib-1.2.5\crc32.h">
      <Filter>Header Files\Libraries\Zlib</Filter>
    </ClInclude>
    <ClInclude Include="..\..\Libraries\zlib-1.2.5\deflate.h">
      <Filter>Header Files\Libraries\Zlib</Filter>
    </ClInclude>
    <ClInclude Include="..\..\Libraries\zlib-1.2.5\gzguts.h">
      <Filter>Header Files\Libraries\Zlib</Filter>
    </ClInclude>
    <ClInclude Include="..\..\Libraries\zlib-1.2.5\inffast.h">
      <Filter>Header Files\Libraries\Zlib</Filter>
    </ClInclude>
    <ClInclude Include="..\..\Libraries\zlib-1.2.5\inffixed.h">
      <Filter>Header Files\Libraries\Zlib</Filter>
    </ClInclude>
    <ClInclude Include="..\..\Libraries\zlib-1.2.5\inflate.h">
      <Filter>Header Files\Libraries\Zlib</Filter>
    </ClInclude>
    <ClInclude Include="..\..\Libraries\zlib-1.2.5\inftrees.h">
      <Filter>Header Files\Libraries\Zlib</Filter>
    </ClInclude>
    <ClInclude Include="..\..\Libraries\zlib-1.2.5\trees.h">
      <Filter>Header Files\Libraries\Zlib</Filter>
    </ClInclude>
    <ClInclude Include="..\..\Libraries\zlib-1.2.5\zconf.h">
      <Filter>Header Files\Libraries\Zlib</Filter>
    </ClInclude>
    <ClInclude Include="..\..\Libraries\zlib-1.2.5\zlib.h">
      <Filter>Header Files\Libraries\Zlib</Filter>
    </ClInclude>
    <ClInclude Include="..\..\Libraries\zlib-1.2.5\zutil.h">
      <Filter>Header Files\Libraries\Zlib</Filter>
    </ClInclude>
    <ClInclude Include="..\..\Libraries\DXSDK\Include\audiodefs.h">
      <Filter>Header Files\Libraries\DirectX</Filter>
    </ClInclude>
    <ClInclude Include="..\..\Libraries\DXSDK\Include\comdecl.h">
      <Filter>Header Files\Libraries\DirectX</Filter>
    </ClInclude>
    <ClInclude Include="..\..\Libraries\DXSDK\Include\d3d9.h">
      <Filter>Header Files\Libraries\DirectX</Filter>
    </ClInclude>
    <ClInclude Include="..\..\Libraries\DXSDK\Include\d3d9caps.h">
      <Filter>Header Files\Libraries\DirectX</Filter>
    </ClInclude>
    <ClInclude Include="..\..\Libraries\DXSDK\Include\d3d9types.h">
      <Filter>Header Files\Libraries\DirectX</Filter>
    </ClInclude>
    <ClInclude Include="..\..\Libraries\DXSDK\Include\D3D10.h">
      <Filter>Header Files\Libraries\DirectX</Filter>
    </ClInclude>
    <ClInclude Include="..\..\Libraries\DXSDK\Include\D3D10_1.h">
      <Filter>Header Files\Libraries\DirectX</Filter>
    </ClInclude>
    <ClInclude Include="..\..\Libraries\DXSDK\Include\D3D10_1shader.h">
      <Filter>Header Files\Libraries\DirectX</Filter>
    </ClInclude>
    <ClInclude Include="..\..\Libraries\DXSDK\Include\D3D10effect.h">
      <Filter>Header Files\Libraries\DirectX</Filter>
    </ClInclude>
    <ClInclude Include="..\..\Libraries\DXSDK\Include\d3d10misc.h">
      <Filter>Header Files\Libraries\DirectX</Filter>
    </ClInclude>
    <ClInclude Include="..\..\Libraries\DXSDK\Include\d3d10sdklayers.h">
      <Filter>Header Files\Libraries\DirectX</Filter>
    </ClInclude>
    <ClInclude Include="..\..\Libraries\DXSDK\Include\D3D10shader.h">
      <Filter>Header Files\Libraries\DirectX</Filter>
    </ClInclude>
    <ClInclude Include="..\..\Libraries\DXSDK\Include\d3dx9.h">
      <Filter>Header Files\Libraries\DirectX</Filter>
    </ClInclude>
    <ClInclude Include="..\..\Libraries\DXSDK\Include\d3dx9anim.h">
      <Filter>Header Files\Libraries\DirectX</Filter>
    </ClInclude>
    <ClInclude Include="..\..\Libraries\DXSDK\Include\d3dx9core.h">
      <Filter>Header Files\Libraries\DirectX</Filter>
    </ClInclude>
    <ClInclude Include="..\..\Libraries\DXSDK\Include\d3dx9effect.h">
      <Filter>Header Files\Libraries\DirectX</Filter>
    </ClInclude>
    <ClInclude Include="..\..\Libraries\DXSDK\Include\d3dx9math.h">
      <Filter>Header Files\Libraries\DirectX</Filter>
    </ClInclude>
    <ClInclude Include="..\..\Libraries\DXSDK\Include\d3dx9mesh.h">
      <Filter>Header Files\Libraries\DirectX</Filter>
    </ClInclude>
    <ClInclude Include="..\..\Libraries\DXSDK\Include\d3dx9shader.h">
      <Filter>Header Files\Libraries\DirectX</Filter>
    </ClInclude>
    <ClInclude Include="..\..\Libraries\DXSDK\Include\d3dx9shape.h">
      <Filter>Header Files\Libraries\DirectX</Filter>
    </ClInclude>
    <ClInclude Include="..\..\Libraries\DXSDK\Include\d3dx9tex.h">
      <Filter>Header Files\Libraries\DirectX</Filter>
    </ClInclude>
    <ClInclude Include="..\..\Libraries\DXSDK\Include\d3dx9xof.h">
      <Filter>Header Files\Libraries\DirectX</Filter>
    </ClInclude>
    <ClInclude Include="..\..\Libraries\DXSDK\Include\D3DX10.h">
      <Filter>Header Files\Libraries\DirectX</Filter>
    </ClInclude>
    <ClInclude Include="..\..\Libraries\DXSDK\Include\d3dx10async.h">
      <Filter>Header Files\Libraries\DirectX</Filter>
    </ClInclude>
    <ClInclude Include="..\..\Libraries\DXSDK\Include\D3DX10core.h">
      <Filter>Header Files\Libraries\DirectX</Filter>
    </ClInclude>
    <ClInclude Include="..\..\Libraries\DXSDK\Include\D3DX10math.h">
      <Filter>Header Files\Libraries\DirectX</Filter>
    </ClInclude>
    <ClInclude Include="..\..\Libraries\DXSDK\Include\D3DX10mesh.h">
      <Filter>Header Files\Libraries\DirectX</Filter>
    </ClInclude>
    <ClInclude Include="..\..\Libraries\DXSDK\Include\D3DX10tex.h">
      <Filter>Header Files\Libraries\DirectX</Filter>
    </ClInclude>
    <ClInclude Include="..\..\Libraries\DXSDK\Include\ddraw.h">
      <Filter>Header Files\Libraries\DirectX</Filter>
    </ClInclude>
    <ClInclude Include="..\..\Libraries\DXSDK\Include\dinput.h">
      <Filter>Header Files\Libraries\DirectX</Filter>
    </ClInclude>
    <ClInclude Include="..\..\Libraries\DXSDK\Include\dinputd.h">
      <Filter>Header Files\Libraries\DirectX</Filter>
    </ClInclude>
    <ClInclude Include="..\..\Libraries\DXSDK\Include\dsconf.h">
      <Filter>Header Files\Libraries\DirectX</Filter>
    </ClInclude>
    <ClInclude Include="..\..\Libraries\DXSDK\Include\dsetup.h">
      <Filter>Header Files\Libraries\DirectX</Filter>
    </ClInclude>
    <ClInclude Include="..\..\Libraries\DXSDK\Include\dsound.h">
      <Filter>Header Files\Libraries\DirectX</Filter>
    </ClInclude>
    <ClInclude Include="..\..\Libraries\DXSDK\Include\dvp.h">
      <Filter>Header Files\Libraries\DirectX</Filter>
    </ClInclude>
    <ClInclude Include="..\..\Libraries\DXSDK\Include\dxdiag.h">
      <Filter>Header Files\Libraries\DirectX</Filter>
    </ClInclude>
    <ClInclude Include="..\..\Libraries\DXSDK\Include\DxErr.h">
      <Filter>Header Files\Libraries\DirectX</Filter>
    </ClInclude>
    <ClInclude Include="..\..\Libraries\DXSDK\Include\dxerr9.h">
      <Filter>Header Files\Libraries\DirectX</Filter>
    </ClInclude>
    <ClInclude Include="..\..\Libraries\DXSDK\Include\dxfile.h">
      <Filter>Header Files\Libraries\DirectX</Filter>
    </ClInclude>
    <ClInclude Include="..\..\Libraries\DXSDK\Include\DXGI.h">
      <Filter>Header Files\Libraries\DirectX</Filter>
    </ClInclude>
    <ClInclude Include="..\..\Libraries\DXSDK\Include\DXGIType.h">
      <Filter>Header Files\Libraries\DirectX</Filter>
    </ClInclude>
    <ClInclude Include="..\..\Libraries\DXSDK\Include\dxsdkver.h">
      <Filter>Header Files\Libraries\DirectX</Filter>
    </ClInclude>
    <ClInclude Include="..\..\Libraries\DXSDK\Include\gameux.h">
      <Filter>Header Files\Libraries\DirectX</Filter>
    </ClInclude>
    <ClInclude Include="..\..\Libraries\DXSDK\Include\multimon.h">
      <Filter>Header Files\Libraries\DirectX</Filter>
    </ClInclude>
    <ClInclude Include="..\..\Libraries\DXSDK\Include\PIXPlugin.h">
      <Filter>Header Files\Libraries\DirectX</Filter>
    </ClInclude>
    <ClInclude Include="..\..\Libraries\DXSDK\Include\rmxfguid.h">
      <Filter>Header Files\Libraries\DirectX</Filter>
    </ClInclude>
    <ClInclude Include="..\..\Libraries\DXSDK\Include\rmxftmpl.h">
      <Filter>Header Files\Libraries\DirectX</Filter>
    </ClInclude>
    <ClInclude Include="..\..\Libraries\DXSDK\Include\rpcsal_old.h">
      <Filter>Header Files\Libraries\DirectX</Filter>
    </ClInclude>
    <ClInclude Include="..\..\Libraries\DXSDK\Include\X3DAudio.h">
      <Filter>Header Files\Libraries\DirectX</Filter>
    </ClInclude>
    <ClInclude Include="..\..\Libraries\DXSDK\Include\xact3.h">
      <Filter>Header Files\Libraries\DirectX</Filter>
    </ClInclude>
    <ClInclude Include="..\..\Libraries\DXSDK\Include\xact3d3.h">
      <Filter>Header Files\Libraries\DirectX</Filter>
    </ClInclude>
    <ClInclude Include="..\..\Libraries\DXSDK\Include\xact3wb.h">
      <Filter>Header Files\Libraries\DirectX</Filter>
    </ClInclude>
    <ClInclude Include="..\..\Libraries\DXSDK\Include\XAPO.h">
      <Filter>Header Files\Libraries\DirectX</Filter>
    </ClInclude>
    <ClInclude Include="..\..\Libraries\DXSDK\Include\XAPOBase.h">
      <Filter>Header Files\Libraries\DirectX</Filter>
    </ClInclude>
    <ClInclude Include="..\..\Libraries\DXSDK\Include\XAPOFX.h">
      <Filter>Header Files\Libraries\DirectX</Filter>
    </ClInclude>
    <ClInclude Include="..\..\Libraries\DXSDK\Include\xaudio2.h">
      <Filter>Header Files\Libraries\DirectX</Filter>
    </ClInclude>
    <ClInclude Include="..\..\Libraries\DXSDK\Include\xaudio2fx.h">
      <Filter>Header Files\Libraries\DirectX</Filter>
    </ClInclude>
    <ClInclude Include="..\..\Libraries\DXSDK\Include\XInput.h">
      <Filter>Header Files\Libraries\DirectX</Filter>
    </ClInclude>
    <ClInclude Include="..\..\Libraries\DXSDK\Include\xma2defs.h">
      <Filter>Header Files\Libraries\DirectX</Filter>
    </ClInclude>
    <ClInclude Include="Hooks\CWin32MouseHook.h">
      <Filter>Header Files\Hooks\CWin32MouseHook</Filter>
    </ClInclude>
    <ClInclude Include="..\..\Shared\CZlib.h">
      <Filter>Header Files\Shared</Filter>
    </ClInclude>
    <ClInclude Include="General\CException.h">
      <Filter>Header Files\General</Filter>
    </ClInclude>
    <ClInclude Include="General\Ptrs.h">
      <Filter>Header Files\General</Filter>
    </ClInclude>
    <ClInclude Include="General\CModuleManager.h">
      <Filter>Header Files\General</Filter>
    </ClInclude>
    <ClInclude Include="..\..\Libraries\md5\md5.h">
      <Filter>Header Files\Libraries\md5</Filter>
    </ClInclude>
    <ClInclude Include="General\CModule.h">
      <Filter>Header Files\General</Filter>
    </ClInclude>
    <ClInclude Include="..\..\Shared\CLibrary.h">
      <Filter>Header Files\Shared</Filter>
    </ClInclude>
    <ClInclude Include="Game\CCrashFixes.h">
      <Filter>Header Files\Game</Filter>
    </ClInclude>
    <ClInclude Include="Graphics\CGUI.h">
      <Filter>Header Files\GUI</Filter>
    </ClInclude>
    <ClInclude Include="Graphics\CMainMenu.h">
      <Filter>Header Files\GUI</Filter>
    </ClInclude>
    <ClInclude Include="..\..\Libraries\audio\CAudio.h">
      <Filter>Header Files\Audio</Filter>
    </ClInclude>
    <ClInclude Include="..\..\Libraries\audio\CAudioManager.h">
      <Filter>Header Files\Audio</Filter>
    </ClInclude>
    <ClInclude Include="Graphics\CLoadingScreen.h">
      <Filter>Header Files\GUI</Filter>
    </ClInclude>
    <ClInclude Include="..\..\Shared\CNetSync.h">
      <Filter>Header Files\Network\Shared</Filter>
    </ClInclude>
    <ClInclude Include="Game\EpisodeManager.h">
      <Filter>Header Files\Game</Filter>
    </ClInclude>
    <ClInclude Include="Network\CHttpClient.h">
      <Filter>Source Files\Network</Filter>
    </ClInclude>
    <ClInclude Include="Graphics\Input.h">
      <Filter>Header Files\Graphics</Filter>
    </ClInclude>
    <ClInclude Include="Graphics\CTags.h">
      <Filter>Header Files\Graphics</Filter>
    </ClInclude>
    <ClInclude Include="..\..\Shared\Scripting\ApplyTuple.h">
      <Filter>Header Files\Shared\Scripting</Filter>
    </ClInclude>
    <ClInclude Include="..\..\Shared\Scripting\CEventHandler.h">
      <Filter>Header Files\Shared\Scripting</Filter>
    </ClInclude>
    <ClInclude Include="..\..\Shared\Scripting\CEvents.h">
      <Filter>Header Files\Shared\Scripting</Filter>
    </ClInclude>
    <ClInclude Include="..\..\Shared\Scripting\CLuaVM.h">
      <Filter>Header Files\Shared\Scripting</Filter>
    </ClInclude>
    <ClInclude Include="..\..\Shared\Scripting\CScript.h">
      <Filter>Header Files\Shared\Scripting</Filter>
    </ClInclude>
    <ClInclude Include="..\..\Shared\Scripting\CScriptArgument.h">
      <Filter>Header Files\Shared\Scripting</Filter>
    </ClInclude>
    <ClInclude Include="..\..\Shared\Scripting\CScriptArguments.h">
      <Filter>Header Files\Shared\Scripting</Filter>
    </ClInclude>
    <ClInclude Include="..\..\Shared\Scripting\CScriptClass.h">
      <Filter>Header Files\Shared\Scripting</Filter>
    </ClInclude>
    <ClInclude Include="..\..\Shared\Scripting\CScriptVM.h">
      <Filter>Header Files\Shared\Scripting</Filter>
    </ClInclude>
    <ClInclude Include="..\..\Shared\Scripting\CSquirrelVM.h">
      <Filter>Header Files\Shared\Scripting</Filter>
    </ClInclude>
    <ClInclude Include="..\..\Shared\Scripting\ResourceSystem\CIncludedResource.h">
      <Filter>Header Files\Shared\Scripting\ResourceSystem</Filter>
    </ClInclude>
    <ClInclude Include="..\..\Shared\Scripting\ResourceSystem\CResource.h">
      <Filter>Header Files\Shared\Scripting\ResourceSystem</Filter>
    </ClInclude>
    <ClInclude Include="..\..\Shared\Scripting\ResourceSystem\CResourceClientFile.h">
      <Filter>Header Files\Shared\Scripting\ResourceSystem</Filter>
    </ClInclude>
    <ClInclude Include="..\..\Shared\Scripting\ResourceSystem\CResourceClientScript.h">
      <Filter>Header Files\Shared\Scripting\ResourceSystem</Filter>
    </ClInclude>
    <ClInclude Include="..\..\Shared\Scripting\ResourceSystem\CResourceFile.h">
      <Filter>Header Files\Shared\Scripting\ResourceSystem</Filter>
    </ClInclude>
    <ClInclude Include="..\..\Shared\Scripting\ResourceSystem\CResourceManager.h">
      <Filter>Header Files\Shared\Scripting\ResourceSystem</Filter>
    </ClInclude>
    <ClInclude Include="..\..\Shared\Scripting\ResourceSystem\CResourceScriptFile.h">
      <Filter>Header Files\Shared\Scripting\ResourceSystem</Filter>
    </ClInclude>
    <ClInclude Include="..\..\Shared\Scripting\ResourceSystem\CResourceServerScript.h">
      <Filter>Header Files\Shared\Scripting\ResourceSystem</Filter>
    </ClInclude>
    <ClInclude Include="..\..\Shared\CXML.h">
      <Filter>Header Files\Shared</Filter>
    </ClInclude>
    <ClInclude Include="..\..\Shared\Scripting\Natives\CEventNatives.h">
      <Filter>Header Files\Shared\Scripting\Natives</Filter>
    </ClInclude>
    <ClInclude Include="..\..\Shared\Scripting\Natives\CMathNatives.h">
      <Filter>Header Files\Shared\Scripting\Natives</Filter>
    </ClInclude>
    <ClInclude Include="..\..\Shared\Scripting\Natives\CSystemNatives.h">
      <Filter>Header Files\Shared\Scripting\Natives</Filter>
    </ClInclude>
    <ClInclude Include="..\..\Shared\Scripting\Natives\Natives.h">
      <Filter>Header Files\Shared\Scripting\Natives</Filter>
    </ClInclude>
    <ClInclude Include="..\..\Libraries\Squirrel\sqarray.h">
      <Filter>Source Files\Libraries\Squirrel</Filter>
    </ClInclude>
    <ClInclude Include="..\..\Libraries\Squirrel\sqclass.h">
      <Filter>Source Files\Libraries\Squirrel</Filter>
    </ClInclude>
    <ClInclude Include="..\..\Libraries\Squirrel\sqclosure.h">
      <Filter>Source Files\Libraries\Squirrel</Filter>
    </ClInclude>
    <ClInclude Include="..\..\Libraries\Squirrel\sqcompiler.h">
      <Filter>Source Files\Libraries\Squirrel</Filter>
    </ClInclude>
    <ClInclude Include="..\..\Libraries\Squirrel\sqfuncproto.h">
      <Filter>Source Files\Libraries\Squirrel</Filter>
    </ClInclude>
    <ClInclude Include="..\..\Libraries\Squirrel\sqfuncstate.h">
      <Filter>Source Files\Libraries\Squirrel</Filter>
    </ClInclude>
    <ClInclude Include="..\..\Libraries\Squirrel\sqlexer.h">
      <Filter>Source Files\Libraries\Squirrel</Filter>
    </ClInclude>
    <ClInclude Include="..\..\Libraries\Squirrel\sqobject.h">
      <Filter>Source Files\Libraries\Squirrel</Filter>
    </ClInclude>
    <ClInclude Include="..\..\Libraries\Squirrel\sqopcodes.h">
      <Filter>Source Files\Libraries\Squirrel</Filter>
    </ClInclude>
    <ClInclude Include="..\..\Libraries\Squirrel\sqpcheader.h">
      <Filter>Source Files\Libraries\Squirrel</Filter>
    </ClInclude>
    <ClInclude Include="..\..\Libraries\Squirrel\sqstate.h">
      <Filter>Source Files\Libraries\Squirrel</Filter>
    </ClInclude>
    <ClInclude Include="..\..\Libraries\Squirrel\sqstdaux.h">
      <Filter>Source Files\Libraries\Squirrel</Filter>
    </ClInclude>
    <ClInclude Include="..\..\Libraries\Squirrel\sqstdblob.h">
      <Filter>Source Files\Libraries\Squirrel</Filter>
    </ClInclude>
    <ClInclude Include="..\..\Libraries\Squirrel\sqstdblobimpl.h">
      <Filter>Source Files\Libraries\Squirrel</Filter>
    </ClInclude>
    <ClInclude Include="..\..\Libraries\Squirrel\sqstdio.h">
      <Filter>Source Files\Libraries\Squirrel</Filter>
    </ClInclude>
    <ClInclude Include="..\..\Libraries\Squirrel\sqstdmath.h">
      <Filter>Source Files\Libraries\Squirrel</Filter>
    </ClInclude>
    <ClInclude Include="..\..\Libraries\Squirrel\sqstdstream.h">
      <Filter>Source Files\Libraries\Squirrel</Filter>
    </ClInclude>
    <ClInclude Include="..\..\Libraries\Squirrel\sqstdstring.h">
      <Filter>Source Files\Libraries\Squirrel</Filter>
    </ClInclude>
    <ClInclude Include="..\..\Libraries\Squirrel\sqstdsystem.h">
      <Filter>Source Files\Libraries\Squirrel</Filter>
    </ClInclude>
    <ClInclude Include="..\..\Libraries\Squirrel\sqstring.h">
      <Filter>Source Files\Libraries\Squirrel</Filter>
    </ClInclude>
    <ClInclude Include="..\..\Libraries\Squirrel\sqtable.h">
      <Filter>Source Files\Libraries\Squirrel</Filter>
    </ClInclude>
    <ClInclude Include="..\..\Libraries\Squirrel\squirrel.h">
      <Filter>Source Files\Libraries\Squirrel</Filter>
    </ClInclude>
    <ClInclude Include="..\..\Libraries\Squirrel\squserdata.h">
      <Filter>Source Files\Libraries\Squirrel</Filter>
    </ClInclude>
    <ClInclude Include="..\..\Libraries\Squirrel\squtils.h">
      <Filter>Source Files\Libraries\Squirrel</Filter>
    </ClInclude>
    <ClInclude Include="..\..\Libraries\Squirrel\sqvm.h">
      <Filter>Source Files\Libraries\Squirrel</Filter>
    </ClInclude>
    <ClInclude Include="..\..\Libraries\lua\lapi.h">
      <Filter>Source Files\Libraries\lua</Filter>
    </ClInclude>
    <ClInclude Include="..\..\Libraries\lua\lauxlib.h">
      <Filter>Source Files\Libraries\lua</Filter>
    </ClInclude>
    <ClInclude Include="..\..\Libraries\lua\lcode.h">
      <Filter>Source Files\Libraries\lua</Filter>
    </ClInclude>
    <ClInclude Include="..\..\Libraries\lua\lctype.h">
      <Filter>Source Files\Libraries\lua</Filter>
    </ClInclude>
    <ClInclude Include="..\..\Libraries\lua\ldebug.h">
      <Filter>Source Files\Libraries\lua</Filter>
    </ClInclude>
    <ClInclude Include="..\..\Libraries\lua\ldo.h">
      <Filter>Source Files\Libraries\lua</Filter>
    </ClInclude>
    <ClInclude Include="..\..\Libraries\lua\lfunc.h">
      <Filter>Source Files\Libraries\lua</Filter>
    </ClInclude>
    <ClInclude Include="..\..\Libraries\lua\lgc.h">
      <Filter>Source Files\Libraries\lua</Filter>
    </ClInclude>
    <ClInclude Include="..\..\Libraries\lua\llex.h">
      <Filter>Source Files\Libraries\lua</Filter>
    </ClInclude>
    <ClInclude Include="..\..\Libraries\lua\llimits.h">
      <Filter>Source Files\Libraries\lua</Filter>
    </ClInclude>
    <ClInclude Include="..\..\Libraries\lua\lmem.h">
      <Filter>Source Files\Libraries\lua</Filter>
    </ClInclude>
    <ClInclude Include="..\..\Libraries\lua\lobject.h">
      <Filter>Source Files\Libraries\lua</Filter>
    </ClInclude>
    <ClInclude Include="..\..\Libraries\lua\lopcodes.h">
      <Filter>Source Files\Libraries\lua</Filter>
    </ClInclude>
    <ClInclude Include="..\..\Libraries\lua\lparser.h">
      <Filter>Source Files\Libraries\lua</Filter>
    </ClInclude>
    <ClInclude Include="..\..\Libraries\lua\lstate.h">
      <Filter>Source Files\Libraries\lua</Filter>
    </ClInclude>
    <ClInclude Include="..\..\Libraries\lua\lstring.h">
      <Filter>Source Files\Libraries\lua</Filter>
    </ClInclude>
    <ClInclude Include="..\..\Libraries\lua\ltable.h">
      <Filter>Source Files\Libraries\lua</Filter>
    </ClInclude>
    <ClInclude Include="..\..\Libraries\lua\ltm.h">
      <Filter>Source Files\Libraries\lua</Filter>
    </ClInclude>
    <ClInclude Include="..\..\Libraries\lua\lua.h">
      <Filter>Source Files\Libraries\lua</Filter>
    </ClInclude>
    <ClInclude Include="..\..\Libraries\lua\lua.hpp">
      <Filter>Source Files\Libraries\lua</Filter>
    </ClInclude>
    <ClInclude Include="..\..\Libraries\lua\luaconf.h">
      <Filter>Source Files\Libraries\lua</Filter>
    </ClInclude>
    <ClInclude Include="..\..\Libraries\lua\lualib.h">
      <Filter>Source Files\Libraries\lua</Filter>
    </ClInclude>
    <ClInclude Include="..\..\Libraries\lua\lundump.h">
      <Filter>Source Files\Libraries\lua</Filter>
    </ClInclude>
    <ClInclude Include="..\..\Libraries\lua\lvm.h">
      <Filter>Source Files\Libraries\lua</Filter>
    </ClInclude>
    <ClInclude Include="..\..\Libraries\lua\lzio.h">
      <Filter>Source Files\Libraries\lua</Filter>
    </ClInclude>
    <ClInclude Include="Game\CContextSwitch.h">
      <Filter>Header Files\Game</Filter>
    </ClInclude>
    <ClInclude Include="Network\CDownloadManager.h">
      <Filter>Header Files\Network</Filter>
    </ClInclude>
    <ClInclude Include="IV\GameCommon.h">
      <Filter>Header Files\Game\IV</Filter>
    </ClInclude>
    <ClInclude Include="Game\EFLC\CCam.h">
      <Filter>Header Files\Game\EFLC</Filter>
    </ClInclude>
    <ClInclude Include="Game\EFLC\CDynamicEntity.h">
      <Filter>Header Files\Game\EFLC</Filter>
    </ClInclude>
    <ClInclude Include="Game\EFLC\CEntity.h">
      <Filter>Header Files\Game\EFLC</Filter>
    </ClInclude>
    <ClInclude Include="Game\EFLC\CGameScript.h">
      <Filter>Header Files\Game\EFLC</Filter>
    </ClInclude>
    <ClInclude Include="Game\EFLC\CHud.h">
      <Filter>Header Files\Game\EFLC</Filter>
    </ClInclude>
    <ClInclude Include="Game\EFLC\CModelInfo.h">
      <Filter>Header Files\Game\EFLC</Filter>
    </ClInclude>
    <ClInclude Include="Game\EFLC\CModelManager.h">
      <Filter>Header Files\Game\EFLC</Filter>
    </ClInclude>
    <ClInclude Include="Game\EFLC\CObject.h">
      <Filter>Header Files\Game\EFLC</Filter>
    </ClInclude>
    <ClInclude Include="Game\EFLC\CPad.h">
      <Filter>Header Files\Game\EFLC</Filter>
    </ClInclude>
    <ClInclude Include="Game\EFLC\CPadData.h">
      <Filter>Header Files\Game\EFLC</Filter>
    </ClInclude>
    <ClInclude Include="Game\EFLC\CPed.h">
      <Filter>Header Files\Game\EFLC</Filter>
    </ClInclude>
    <ClInclude Include="Game\EFLC\CPedFactory.h">
      <Filter>Header Files\Game\EFLC</Filter>
    </ClInclude>
    <ClInclude Include="Game\EFLC\CPedMoveBlend.h">
      <Filter>Header Files\Game\EFLC</Filter>
    </ClInclude>
    <ClInclude Include="Game\EFLC\CPedTaskManager.h">
      <Filter>Header Files\Game\EFLC</Filter>
    </ClInclude>
    <ClInclude Include="Game\EFLC\CPedWeapons.h">
      <Filter>Header Files\Game\EFLC</Filter>
    </ClInclude>
    <ClInclude Include="Game\EFLC\CPedWeaponSlot.h">
      <Filter>Header Files\Game\EFLC</Filter>
    </ClInclude>
    <ClInclude Include="Game\EFLC\CPhysical.h">
      <Filter>Header Files\Game\EFLC</Filter>
    </ClInclude>
    <ClInclude Include="Game\EFLC\CPhysics.h">
      <Filter>Header Files\Game\EFLC</Filter>
    </ClInclude>
    <ClInclude Include="Game\EFLC\CPlayerInfo.h">
      <Filter>Header Files\Game\EFLC</Filter>
    </ClInclude>
    <ClInclude Include="Game\EFLC\CPlayerPed.h">
      <Filter>Header Files\Game\EFLC</Filter>
    </ClInclude>
    <ClInclude Include="Game\EFLC\CPool.h">
      <Filter>Header Files\Game\EFLC</Filter>
    </ClInclude>
    <ClInclude Include="Game\EFLC\CTask.h">
      <Filter>Header Files\Game\EFLC</Filter>
    </ClInclude>
    <ClInclude Include="Game\EFLC\CTrain.h">
      <Filter>Header Files\Game\EFLC</Filter>
    </ClInclude>
    <ClInclude Include="Game\EFLC\CVehicle.h">
      <Filter>Header Files\Game\EFLC</Filter>
    </ClInclude>
    <ClInclude Include="Game\EFLC\CVehicleFactory.h">
      <Filter>Header Files\Game\EFLC</Filter>
    </ClInclude>
    <ClInclude Include="Game\EFLC\CWeapon.h">
      <Filter>Header Files\Game\EFLC</Filter>
    </ClInclude>
    <ClInclude Include="Game\EFLC\CWeaponInfo.h">
      <Filter>Header Files\Game\EFLC</Filter>
    </ClInclude>
    <ClInclude Include="Game\EFLC\CWeather.h">
      <Filter>Header Files\Game\EFLC</Filter>
    </ClInclude>
    <ClInclude Include="Game\EFLC\CWorld.h">
      <Filter>Header Files\Game\EFLC</Filter>
    </ClInclude>
    <ClInclude Include="Game\EFLC\IVTasks.h">
      <Filter>Header Files\Game\EFLC</Filter>
    </ClInclude>
    <ClInclude Include="Game\EFLC\TaskInfo\CComplexClearVehicleSeatTaskInfo.h">
      <Filter>Header Files\Game\EFLC\TaskInfo</Filter>
    </ClInclude>
    <ClInclude Include="Game\EFLC\TaskInfo\CComplexClimbIntoVehicleTaskInfo.h">
      <Filter>Header Files\Game\EFLC\TaskInfo</Filter>
    </ClInclude>
    <ClInclude Include="Game\EFLC\TaskInfo\CComplexClimbLadderTaskInfo.h">
      <Filter>Header Files\Game\EFLC\TaskInfo</Filter>
    </ClInclude>
    <ClInclude Include="Game\EFLC\TaskInfo\CComplexCombatRetreatInfo.h">
      <Filter>Header Files\Game\EFLC\TaskInfo</Filter>
    </ClInclude>
    <ClInclude Include="Game\EFLC\TaskInfo\CComplexFallAndGetUpTaskInfo.h">
      <Filter>Header Files\Game\EFLC\TaskInfo</Filter>
    </ClInclude>
    <ClInclude Include="Game\EFLC\TaskInfo\CComplexGangDrivebyTaskInfo.h">
      <Filter>Header Files\Game\EFLC\TaskInfo</Filter>
    </ClInclude>
    <ClInclude Include="Game\EFLC\TaskInfo\CComplexGunTaskInfo.h">
      <Filter>Header Files\Game\EFLC\TaskInfo</Filter>
    </ClInclude>
    <ClInclude Include="Game\EFLC\TaskInfo\CComplexJumpTaskInfo.h">
      <Filter>Header Files\Game\EFLC\TaskInfo</Filter>
    </ClInclude>
    <ClInclude Include="Game\EFLC\TaskInfo\CComplexNewExitVehicleTaskInfo.h">
      <Filter>Header Files\Game\EFLC\TaskInfo</Filter>
    </ClInclude>
    <ClInclude Include="Game\EFLC\TaskInfo\CComplexNewGetInVehicleTaskInfo.h">
      <Filter>Header Files\Game\EFLC\TaskInfo</Filter>
    </ClInclude>
    <ClInclude Include="Game\EFLC\TaskInfo\CComplexNewUseCoverInfo.h">
      <Filter>Header Files\Game\EFLC\TaskInfo</Filter>
    </ClInclude>
    <ClInclude Include="Game\EFLC\TaskInfo\CComplexOnFireInfo.h">
      <Filter>Header Files\Game\EFLC\TaskInfo</Filter>
    </ClInclude>
    <ClInclude Include="Game\EFLC\TaskInfo\CComplexOpenVehicleDoorTaskInfo.h">
      <Filter>Header Files\Game\EFLC\TaskInfo</Filter>
    </ClInclude>
    <ClInclude Include="Game\EFLC\TaskInfo\CComplexPickUpAndCarryObjectTaskInfo.h">
      <Filter>Header Files\Game\EFLC\TaskInfo</Filter>
    </ClInclude>
    <ClInclude Include="Game\EFLC\TaskInfo\CComplexSlideIntoCoverInfo.h">
      <Filter>Header Files\Game\EFLC\TaskInfo</Filter>
    </ClInclude>
    <ClInclude Include="Game\EFLC\TaskInfo\CDeadInfo.h">
      <Filter>Header Files\Game\EFLC\TaskInfo</Filter>
    </ClInclude>
    <ClInclude Include="Game\EFLC\TaskInfo\CDieInfo.h">
      <Filter>Header Files\Game\EFLC\TaskInfo</Filter>
    </ClInclude>
    <ClInclude Include="Game\EFLC\TaskInfo\CMeleeTaskInfo.h">
      <Filter>Header Files\Game\EFLC\TaskInfo</Filter>
    </ClInclude>
    <ClInclude Include="Game\EFLC\TaskInfo\CPlayRandomAmbientsInfo.h">
      <Filter>Header Files\Game\EFLC\TaskInfo</Filter>
    </ClInclude>
    <ClInclude Include="Game\EFLC\TaskInfo\CScenarioTaskInfo.h">
      <Filter>Header Files\Game\EFLC\TaskInfo</Filter>
    </ClInclude>
    <ClInclude Include="Game\EFLC\TaskInfo\CSimpleAimPlayerProjectileInfo.h">
      <Filter>Header Files\Game\EFLC\TaskInfo</Filter>
    </ClInclude>
    <ClInclude Include="Game\EFLC\TaskInfo\CSimpleCarDriveTaskInfo.h">
      <Filter>Header Files\Game\EFLC\TaskInfo</Filter>
    </ClInclude>
    <ClInclude Include="Game\EFLC\TaskInfo\CSimpleClimbTaskInfo.h">
      <Filter>Header Files\Game\EFLC\TaskInfo</Filter>
    </ClInclude>
    <ClInclude Include="Game\EFLC\TaskInfo\CSimpleMeleeActionResultTaskInfo.h">
      <Filter>Header Files\Game\EFLC\TaskInfo</Filter>
    </ClInclude>
    <ClInclude Include="Game\EFLC\TaskInfo\CSimpleNMBalanceTaskInfo.h">
      <Filter>Header Files\Game\EFLC\TaskInfo</Filter>
    </ClInclude>
    <ClInclude Include="Game\EFLC\TaskInfo\CSimpleNMBraceTaskInfo.h">
      <Filter>Header Files\Game\EFLC\TaskInfo</Filter>
    </ClInclude>
    <ClInclude Include="Game\EFLC\TaskInfo\CSimpleNMExplosionTaskInfo.h">
      <Filter>Header Files\Game\EFLC\TaskInfo</Filter>
    </ClInclude>
    <ClInclude Include="Game\EFLC\TaskInfo\CSimpleNMFlinchTaskInfo.h">
      <Filter>Header Files\Game\EFLC\TaskInfo</Filter>
    </ClInclude>
    <ClInclude Include="Game\EFLC\TaskInfo\CSimpleNMHighFallTaskInfo.h">
      <Filter>Header Files\Game\EFLC\TaskInfo</Filter>
    </ClInclude>
    <ClInclude Include="Game\EFLC\TaskInfo\CSimpleNMJumpRollTaskInfo.h">
      <Filter>Header Files\Game\EFLC\TaskInfo</Filter>
    </ClInclude>
    <ClInclude Include="Game\EFLC\TaskInfo\CSimpleNMOnFireTaskInfo.h">
      <Filter>Header Files\Game\EFLC\TaskInfo</Filter>
    </ClInclude>
    <ClInclude Include="Game\EFLC\TaskInfo\CSimpleNMShotTaskInfo.h">
      <Filter>Header Files\Game\EFLC\TaskInfo</Filter>
    </ClInclude>
    <ClInclude Include="Game\EFLC\TaskInfo\CSimpleSidewaysDiveTaskInfo.h">
      <Filter>Header Files\Game\EFLC\TaskInfo</Filter>
    </ClInclude>
    <ClInclude Include="Game\EFLC\TaskInfo\CSimpleThrowProjectileInfo.h">
      <Filter>Header Files\Game\EFLC\TaskInfo</Filter>
    </ClInclude>
    <ClInclude Include="Game\EFLC\TaskInfo\CSitDownIdleThenStandTaskInfo.h">
      <Filter>Header Files\Game\EFLC\TaskInfo</Filter>
    </ClInclude>
    <ClInclude Include="Game\EFLC\TaskInfo\CSitIdleTaskInfo.h">
      <Filter>Header Files\Game\EFLC\TaskInfo</Filter>
    </ClInclude>
    <ClInclude Include="Game\EFLC\TaskInfo\CStandUpTaskInfo.h">
      <Filter>Header Files\Game\EFLC\TaskInfo</Filter>
    </ClInclude>
    <ClInclude Include="Game\EFLC\TaskInfo\CStatusAndTargetTaskInfo.h">
      <Filter>Header Files\Game\EFLC\TaskInfo</Filter>
    </ClInclude>
    <ClInclude Include="Game\EFLC\TaskInfo\CStatusTaskInfo.h">
      <Filter>Header Files\Game\EFLC\TaskInfo</Filter>
    </ClInclude>
    <ClInclude Include="Game\EFLC\TaskInfo\CTaskInfo.h">
      <Filter>Header Files\Game\EFLC\TaskInfo</Filter>
    </ClInclude>
    <ClInclude Include="Game\EFLC\TaskInfo\CTaskInfoWithCloneTask.h">
      <Filter>Header Files\Game\EFLC\TaskInfo</Filter>
    </ClInclude>
    <ClInclude Include="Game\EFLC\TaskInfo\CVehicleTaskInfo.h">
      <Filter>Header Files\Game\EFLC\TaskInfo</Filter>
    </ClInclude>
    <ClInclude Include="Game\EFLC\CScript.h">
      <Filter>Header Files\Game\EFLC</Filter>
    </ClInclude>
    <ClInclude Include="Game\EFLC\CScript_FunctionContext.h">
      <Filter>Header Files\Game\EFLC</Filter>
    </ClInclude>
    <ClInclude Include="Game\EFLC\CScript_FunctionInvoke.h">
      <Filter>Header Files\Game\EFLC</Filter>
    </ClInclude>
    <ClInclude Include="Game\CContextData.h">
      <Filter>Header Files\Game\EFLC</Filter>
    </ClInclude>
    <ClInclude Include="Game\EFLC\ScriptEnums.h">
      <Filter>Header Files\Game\EFLC</Filter>
    </ClInclude>
    <ClInclude Include="Game\EFLC\ScriptFunctions.h">
      <Filter>Header Files\Game\EFLC</Filter>
    </ClInclude>
    <ClInclude Include="Game\Entity\CPlayerWeapons.h">
      <Filter>Source Files\Network\Entity</Filter>
    </ClInclude>
    <ClInclude Include="Graphics\CChatWindow.h">
      <Filter>Header Files\Graphics</Filter>
    </ClInclude>
    <ClInclude Include="Graphics\CChatBox.h">
      <Filter>Header Files\Graphics</Filter>
    </ClInclude>
    <ClInclude Include="Game\CStreamer.h">
      <Filter>Header Files</Filter>
    </ClInclude>
    <ClInclude Include="Scripting\Natives\CScriptClasses.h">
      <Filter>Header Files\Scripting\Natives</Filter>
    </ClInclude>
    <ClInclude Include="Scripting\Natives\CScriptNatives.h">
      <Filter>Header Files\Scripting\Natives</Filter>
    </ClInclude>
    <ClInclude Include="Scripting\Natives\Natives_Client.h">
      <Filter>Header Files\Scripting\Natives</Filter>
    </ClInclude>
  </ItemGroup>
  <ItemGroup>
    <None Include="..\..\Libraries\DXSDK\Include\d3dx9math.inl">
      <Filter>Header Files\Libraries\DirectX</Filter>
    </None>
    <None Include="..\..\Libraries\DXSDK\Include\D3DX10math.inl">
      <Filter>Header Files\Libraries\DirectX</Filter>
    </None>
    <None Include="res\exceptbox.aps">
      <Filter>Resources</Filter>
    </None>
  </ItemGroup>
  <ItemGroup>
    <ResourceCompile Include="res\exceptbox.rc">
      <Filter>Resources</Filter>
    </ResourceCompile>
  </ItemGroup>
</Project>